// !$*UTF8*$!
{
	archiveVersion = 1;
	classes = {
	};
	objectVersion = 50;
	objects = {

/* Begin PBXBuildFile section */
		3A06D3232455158E0066132A /* HBSFViewController.swift in Sources */ = {isa = PBXBuildFile; fileRef = 3A06D3222455158E0066132A /* HBSFViewController.swift */; };
		3A098B7D22C61BE10007F5EB /* AppDelegate.m in Sources */ = {isa = PBXBuildFile; fileRef = 3A098B7C22C61BE10007F5EB /* AppDelegate.m */; };
		3A098B8022C61BE10007F5EB /* ViewController.m in Sources */ = {isa = PBXBuildFile; fileRef = 3A098B7F22C61BE10007F5EB /* ViewController.m */; };
		3A098B8322C61BE10007F5EB /* Main.storyboard in Resources */ = {isa = PBXBuildFile; fileRef = 3A098B8122C61BE10007F5EB /* Main.storyboard */; };
		3A098B8522C61BE20007F5EB /* Assets.xcassets in Resources */ = {isa = PBXBuildFile; fileRef = 3A098B8422C61BE20007F5EB /* Assets.xcassets */; };
		3A098B8822C61BE20007F5EB /* LaunchScreen.storyboard in Resources */ = {isa = PBXBuildFile; fileRef = 3A098B8622C61BE20007F5EB /* LaunchScreen.storyboard */; };
		3A098B8B22C61BE20007F5EB /* main.m in Sources */ = {isa = PBXBuildFile; fileRef = 3A098B8A22C61BE20007F5EB /* main.m */; };
		3A098B9522C61BE20007F5EB /* HBMVVMProjectTests.m in Sources */ = {isa = PBXBuildFile; fileRef = 3A098B9422C61BE20007F5EB /* HBMVVMProjectTests.m */; };
		3A098BA022C61BE20007F5EB /* HBMVVMProjectUITests.m in Sources */ = {isa = PBXBuildFile; fileRef = 3A098B9F22C61BE20007F5EB /* HBMVVMProjectUITests.m */; };
		3A098BB022CB5EAA0007F5EB /* HBTabBarViewController.m in Sources */ = {isa = PBXBuildFile; fileRef = 3A098BAF22CB5EAA0007F5EB /* HBTabBarViewController.m */; };
		3A27E5CB243B728800EB4C85 /* smile.jpeg in Resources */ = {isa = PBXBuildFile; fileRef = 3A27E5CA243B728800EB4C85 /* smile.jpeg */; };
		3A27E5D0243C7F3000EB4C85 /* bikini.jpeg in Resources */ = {isa = PBXBuildFile; fileRef = 3A27E5CE243C7F3000EB4C85 /* bikini.jpeg */; };
		3A27E5D1243C7F3000EB4C85 /* timg.jpeg in Resources */ = {isa = PBXBuildFile; fileRef = 3A27E5CF243C7F3000EB4C85 /* timg.jpeg */; };
		3A27E5D3243C851900EB4C85 /* smile.png in Resources */ = {isa = PBXBuildFile; fileRef = 3A27E5D2243C851900EB4C85 /* smile.png */; };
		3A46208A23FE9C3E009A4609 /* HBGLDrawTools.m in Sources */ = {isa = PBXBuildFile; fileRef = 3A46208923FE9C3E009A4609 /* HBGLDrawTools.m */; };
		3A46208D23FE9C77009A4609 /* HBGLObject.m in Sources */ = {isa = PBXBuildFile; fileRef = 3A46208C23FE9C77009A4609 /* HBGLObject.m */; };
		3A46209023FEA32F009A4609 /* HBGLTool.m in Sources */ = {isa = PBXBuildFile; fileRef = 3A46208E23FEA32F009A4609 /* HBGLTool.m */; };
		3A5DCB9B2440C22200890C82 /* WebKit.framework in Frameworks */ = {isa = PBXBuildFile; fileRef = 3A5DCB9A2440C22200890C82 /* WebKit.framework */; };
		3A5DCB9D2440C7AB00890C82 /* tangyan2.jpg in Resources */ = {isa = PBXBuildFile; fileRef = 3A5DCB9C2440C7AB00890C82 /* tangyan2.jpg */; };
		3A5FC701244DB137004AE2A6 /* HBNSLog.m in Sources */ = {isa = PBXBuildFile; fileRef = 3A5FC700244DB137004AE2A6 /* HBNSLog.m */; };
		3A764F3D23B618680052B1E9 /* images.xcassets in Resources */ = {isa = PBXBuildFile; fileRef = 3A764F3C23B618680052B1E9 /* images.xcassets */; };
		3A8A378F22D350A400F12124 /* HBRouterUtils.m in Sources */ = {isa = PBXBuildFile; fileRef = 3A8A378E22D350A400F12124 /* HBRouterUtils.m */; };
		3A8A379222D4813300F12124 /* HBTabBarModule.m in Sources */ = {isa = PBXBuildFile; fileRef = 3A8A379122D4813300F12124 /* HBTabBarModule.m */; };
		3A8A379822D4A4A000F12124 /* HBNavModule.m in Sources */ = {isa = PBXBuildFile; fileRef = 3A8A379722D4A49F00F12124 /* HBNavModule.m */; };
		3A8A379F22D4B73300F12124 /* HBConstant.m in Sources */ = {isa = PBXBuildFile; fileRef = 3A8A379E22D4B73300F12124 /* HBConstant.m */; };
		3A8A37A222D4B7B300F12124 /* HomeViewController.mm in Sources */ = {isa = PBXBuildFile; fileRef = 3A8A37A122D4B7B300F12124 /* HomeViewController.mm */; };
		3A8A37A522D4B7C200F12124 /* DisplayViewController.m in Sources */ = {isa = PBXBuildFile; fileRef = 3A8A37A422D4B7C200F12124 /* DisplayViewController.m */; };
		3A8A37A822D4B7D100F12124 /* DiscoveryViewController.m in Sources */ = {isa = PBXBuildFile; fileRef = 3A8A37A722D4B7D100F12124 /* DiscoveryViewController.m */; };
		3A8A37AB22D4B7DD00F12124 /* MineViewController.m in Sources */ = {isa = PBXBuildFile; fileRef = 3A8A37AA22D4B7DD00F12124 /* MineViewController.m */; };
		3A8A37AE22D4BCB500F12124 /* HomeModule.m in Sources */ = {isa = PBXBuildFile; fileRef = 3A8A37AD22D4BCB500F12124 /* HomeModule.m */; };
		3A8A37B122D4BCC500F12124 /* DisplayModule.m in Sources */ = {isa = PBXBuildFile; fileRef = 3A8A37B022D4BCC500F12124 /* DisplayModule.m */; };
		3A8A37B422D4BCD400F12124 /* DiscoveryModule.m in Sources */ = {isa = PBXBuildFile; fileRef = 3A8A37B322D4BCD400F12124 /* DiscoveryModule.m */; };
		3A8A37B722D4BCE000F12124 /* MineModule.m in Sources */ = {isa = PBXBuildFile; fileRef = 3A8A37B622D4BCE000F12124 /* MineModule.m */; };
		3A8A37BA22D4C07100F12124 /* HBBaseViewController.m in Sources */ = {isa = PBXBuildFile; fileRef = 3A8A37B922D4C07100F12124 /* HBBaseViewController.m */; };
		3A8ED7BA23D82E3A00823321 /* MoneyModule.m in Sources */ = {isa = PBXBuildFile; fileRef = 3A8ED7B823D82E3A00823321 /* MoneyModule.m */; };
		3A8ED7BD23D82E4F00823321 /* MoreModule.m in Sources */ = {isa = PBXBuildFile; fileRef = 3A8ED7BC23D82E4F00823321 /* MoreModule.m */; };
		3A8ED7C023D82E6700823321 /* MoreViewController.m in Sources */ = {isa = PBXBuildFile; fileRef = 3A8ED7BF23D82E6700823321 /* MoreViewController.m */; };
		3A8ED7C323D82E7600823321 /* MoneyViewController.m in Sources */ = {isa = PBXBuildFile; fileRef = 3A8ED7C223D82E7600823321 /* MoneyViewController.m */; };
		3A8ED7C723D8488700823321 /* OpenGLModule.m in Sources */ = {isa = PBXBuildFile; fileRef = 3A8ED7C623D8488700823321 /* OpenGLModule.m */; };
		3A8ED7CA23D848C300823321 /* OpenGLViewController.m in Sources */ = {isa = PBXBuildFile; fileRef = 3A8ED7C923D848C300823321 /* OpenGLViewController.m */; };
		3A8ED7D623D943B300823321 /* JDARVRVideoPlane.m in Sources */ = {isa = PBXBuildFile; fileRef = 3A8ED7CC23D943B300823321 /* JDARVRVideoPlane.m */; };
		3A8ED7D723D943B300823321 /* JDARVRGLContext.m in Sources */ = {isa = PBXBuildFile; fileRef = 3A8ED7CD23D943B300823321 /* JDARVRGLContext.m */; };
		3A8ED7D823D943B300823321 /* JDARVRGLGeometry.m in Sources */ = {isa = PBXBuildFile; fileRef = 3A8ED7D223D943B300823321 /* JDARVRGLGeometry.m */; };
		3A8ED7D923D943B300823321 /* JDARVRCameraRender.m in Sources */ = {isa = PBXBuildFile; fileRef = 3A8ED7D423D943B300823321 /* JDARVRCameraRender.m */; };
		3A8ED7DA23D943B300823321 /* JDARVRGLObject.m in Sources */ = {isa = PBXBuildFile; fileRef = 3A8ED7D523D943B300823321 /* JDARVRGLObject.m */; };
		3A8ED7DE23D94CB700823321 /* HBGLToolContext.m in Sources */ = {isa = PBXBuildFile; fileRef = 3A8ED7DD23D94CB700823321 /* HBGLToolContext.m */; };
		3A95901F23F6902100659C22 /* SimpleFragment.glsl in Resources */ = {isa = PBXBuildFile; fileRef = 3A95901D23F6902000659C22 /* SimpleFragment.glsl */; };
		3A95902023F6902100659C22 /* SimpleVertex.glsl in Resources */ = {isa = PBXBuildFile; fileRef = 3A95901E23F6902100659C22 /* SimpleVertex.glsl */; };
		3AAF315F2412865D001AF56F /* HBOrderTools.mm in Sources */ = {isa = PBXBuildFile; fileRef = 3AAF315E2412865C001AF56F /* HBOrderTools.mm */; };
		3AAF31622412AD67001AF56F /* HBStackForImplement.m in Sources */ = {isa = PBXBuildFile; fileRef = 3AAF31612412AD67001AF56F /* HBStackForImplement.m */; };
		3ABFE2F1246D4CF400B013A6 /* HBDisplayModel.m in Sources */ = {isa = PBXBuildFile; fileRef = 3ABFE2F0246D4CF400B013A6 /* HBDisplayModel.m */; };
		3ABFE2F4246D4D6500B013A6 /* HBDisplayViewModel.m in Sources */ = {isa = PBXBuildFile; fileRef = 3ABFE2F3246D4D6500B013A6 /* HBDisplayViewModel.m */; };
		3AD5C1412463B80600F3B29C /* HBNavModule.m in Sources */ = {isa = PBXBuildFile; fileRef = 3A8A379722D4A49F00F12124 /* HBNavModule.m */; };
		3AD5C1422463B80600F3B29C /* DiscoveryModule.m in Sources */ = {isa = PBXBuildFile; fileRef = 3A8A37B322D4BCD400F12124 /* DiscoveryModule.m */; };
		3AD5C1432463B80600F3B29C /* BeatyViewController.mm in Sources */ = {isa = PBXBuildFile; fileRef = 3ADC09D024407DFB0018D39E /* BeatyViewController.mm */; };
		3AD5C1442463B80600F3B29C /* HBStackForImplement.m in Sources */ = {isa = PBXBuildFile; fileRef = 3AAF31612412AD67001AF56F /* HBStackForImplement.m */; };
		3AD5C1452463B80600F3B29C /* JDARVRGLObject.m in Sources */ = {isa = PBXBuildFile; fileRef = 3A8ED7D523D943B300823321 /* JDARVRGLObject.m */; };
		3AD5C1462463B80600F3B29C /* MoneyModule.m in Sources */ = {isa = PBXBuildFile; fileRef = 3A8ED7B823D82E3A00823321 /* MoneyModule.m */; };
		3AD5C1472463B80600F3B29C /* HBGLObject.m in Sources */ = {isa = PBXBuildFile; fileRef = 3A46208C23FE9C77009A4609 /* HBGLObject.m */; };
		3AD5C1482463B80600F3B29C /* JDARVRVideoPlane.m in Sources */ = {isa = PBXBuildFile; fileRef = 3A8ED7CC23D943B300823321 /* JDARVRVideoPlane.m */; };
		3AD5C1492463B80600F3B29C /* MineViewController.m in Sources */ = {isa = PBXBuildFile; fileRef = 3A8A37AA22D4B7DD00F12124 /* MineViewController.m */; };
		3AD5C14A2463B80600F3B29C /* OpenGLModule.m in Sources */ = {isa = PBXBuildFile; fileRef = 3A8ED7C623D8488700823321 /* OpenGLModule.m */; };
		3AD5C14B2463B80600F3B29C /* HBGLTool.m in Sources */ = {isa = PBXBuildFile; fileRef = 3A46208E23FEA32F009A4609 /* HBGLTool.m */; };
		3AD5C14C2463B80600F3B29C /* HBNavigationController.m in Sources */ = {isa = PBXBuildFile; fileRef = 3ADE7C8A22CF480500B1E932 /* HBNavigationController.m */; };
		3AD5C14D2463B80600F3B29C /* MineModule.m in Sources */ = {isa = PBXBuildFile; fileRef = 3A8A37B622D4BCE000F12124 /* MineModule.m */; };
		3AD5C14E2463B80600F3B29C /* HBNSLog.m in Sources */ = {isa = PBXBuildFile; fileRef = 3A5FC700244DB137004AE2A6 /* HBNSLog.m */; };
		3AD5C14F2463B80600F3B29C /* HBTabBarViewController.m in Sources */ = {isa = PBXBuildFile; fileRef = 3A098BAF22CB5EAA0007F5EB /* HBTabBarViewController.m */; };
		3AD5C1502463B80600F3B29C /* HBConstant.m in Sources */ = {isa = PBXBuildFile; fileRef = 3A8A379E22D4B73300F12124 /* HBConstant.m */; };
		3AD5C1512463B80600F3B29C /* ViewController.m in Sources */ = {isa = PBXBuildFile; fileRef = 3A098B7F22C61BE10007F5EB /* ViewController.m */; };
		3AD5C1522463B80600F3B29C /* MoreViewController.m in Sources */ = {isa = PBXBuildFile; fileRef = 3A8ED7BF23D82E6700823321 /* MoreViewController.m */; };
		3AD5C1532463B80600F3B29C /* DisplayModule.m in Sources */ = {isa = PBXBuildFile; fileRef = 3A8A37B022D4BCC500F12124 /* DisplayModule.m */; };
		3AD5C1542463B80600F3B29C /* JDARVRGLGeometry.m in Sources */ = {isa = PBXBuildFile; fileRef = 3A8ED7D223D943B300823321 /* JDARVRGLGeometry.m */; };
		3AD5C1552463B80600F3B29C /* MoreModule.m in Sources */ = {isa = PBXBuildFile; fileRef = 3A8ED7BC23D82E4F00823321 /* MoreModule.m */; };
		3AD5C1562463B80600F3B29C /* MoneyViewController.m in Sources */ = {isa = PBXBuildFile; fileRef = 3A8ED7C223D82E7600823321 /* MoneyViewController.m */; };
		3AD5C1572463B80600F3B29C /* HBBlockViewController.m in Sources */ = {isa = PBXBuildFile; fileRef = 3ADC09CA243ED4770018D39E /* HBBlockViewController.m */; };
		3AD5C1582463B80600F3B29C /* HBGLToolContext.m in Sources */ = {isa = PBXBuildFile; fileRef = 3A8ED7DD23D94CB700823321 /* HBGLToolContext.m */; };
		3AD5C1592463B80600F3B29C /* HBRouterUtils.m in Sources */ = {isa = PBXBuildFile; fileRef = 3A8A378E22D350A400F12124 /* HBRouterUtils.m */; };
		3AD5C15A2463B80600F3B29C /* HomeViewController.mm in Sources */ = {isa = PBXBuildFile; fileRef = 3A8A37A122D4B7B300F12124 /* HomeViewController.mm */; };
		3AD5C15B2463B80600F3B29C /* DisplayViewController.m in Sources */ = {isa = PBXBuildFile; fileRef = 3A8A37A422D4B7C200F12124 /* DisplayViewController.m */; };
		3AD5C15C2463B80600F3B29C /* main.m in Sources */ = {isa = PBXBuildFile; fileRef = 3A098B8A22C61BE20007F5EB /* main.m */; };
		3AD5C15D2463B80600F3B29C /* DiscoveryViewController.m in Sources */ = {isa = PBXBuildFile; fileRef = 3A8A37A722D4B7D100F12124 /* DiscoveryViewController.m */; };
		3AD5C15E2463B80600F3B29C /* HBGLDrawTools.m in Sources */ = {isa = PBXBuildFile; fileRef = 3A46208923FE9C3E009A4609 /* HBGLDrawTools.m */; };
		3AD5C15F2463B80600F3B29C /* HBRouter.m in Sources */ = {isa = PBXBuildFile; fileRef = 3ADE7C8E22CF4BC200B1E932 /* HBRouter.m */; };
		3AD5C1602463B80600F3B29C /* HomeModule.m in Sources */ = {isa = PBXBuildFile; fileRef = 3A8A37AD22D4BCB500F12124 /* HomeModule.m */; };
		3AD5C1612463B80600F3B29C /* HBBaseViewController.m in Sources */ = {isa = PBXBuildFile; fileRef = 3A8A37B922D4C07100F12124 /* HBBaseViewController.m */; };
		3AD5C1622463B80600F3B29C /* HBOrderTools.mm in Sources */ = {isa = PBXBuildFile; fileRef = 3AAF315E2412865C001AF56F /* HBOrderTools.mm */; };
		3AD5C1632463B80600F3B29C /* OpenGLViewController.m in Sources */ = {isa = PBXBuildFile; fileRef = 3A8ED7C923D848C300823321 /* OpenGLViewController.m */; };
		3AD5C1642463B80600F3B29C /* JDARVRGLContext.m in Sources */ = {isa = PBXBuildFile; fileRef = 3A8ED7CD23D943B300823321 /* JDARVRGLContext.m */; };
		3AD5C1652463B80600F3B29C /* AppDelegate.m in Sources */ = {isa = PBXBuildFile; fileRef = 3A098B7C22C61BE10007F5EB /* AppDelegate.m */; };
		3AD5C1662463B80600F3B29C /* HBSFViewController.swift in Sources */ = {isa = PBXBuildFile; fileRef = 3A06D3222455158E0066132A /* HBSFViewController.swift */; };
		3AD5C1672463B80600F3B29C /* JDARVRCameraRender.m in Sources */ = {isa = PBXBuildFile; fileRef = 3A8ED7D423D943B300823321 /* JDARVRCameraRender.m */; };
		3AD5C1682463B80600F3B29C /* HBTabBarModule.m in Sources */ = {isa = PBXBuildFile; fileRef = 3A8A379122D4813300F12124 /* HBTabBarModule.m */; };
		3AD5C16A2463B80600F3B29C /* WebKit.framework in Frameworks */ = {isa = PBXBuildFile; fileRef = 3A5DCB9A2440C22200890C82 /* WebKit.framework */; };
		3AD5C16D2463B80600F3B29C /* smile.jpeg in Resources */ = {isa = PBXBuildFile; fileRef = 3A27E5CA243B728800EB4C85 /* smile.jpeg */; };
		3AD5C16E2463B80600F3B29C /* LaunchScreen.storyboard in Resources */ = {isa = PBXBuildFile; fileRef = 3A098B8622C61BE20007F5EB /* LaunchScreen.storyboard */; };
		3AD5C16F2463B80600F3B29C /* smile.png in Resources */ = {isa = PBXBuildFile; fileRef = 3A27E5D2243C851900EB4C85 /* smile.png */; };
		3AD5C1702463B80600F3B29C /* images.xcassets in Resources */ = {isa = PBXBuildFile; fileRef = 3A764F3C23B618680052B1E9 /* images.xcassets */; };
		3AD5C1712463B80600F3B29C /* Assets.xcassets in Resources */ = {isa = PBXBuildFile; fileRef = 3A098B8422C61BE20007F5EB /* Assets.xcassets */; };
		3AD5C1722463B80600F3B29C /* Main.storyboard in Resources */ = {isa = PBXBuildFile; fileRef = 3A098B8122C61BE10007F5EB /* Main.storyboard */; };
		3AD5C1732463B80600F3B29C /* bikini.jpeg in Resources */ = {isa = PBXBuildFile; fileRef = 3A27E5CE243C7F3000EB4C85 /* bikini.jpeg */; };
		3AD5C1742463B80600F3B29C /* tangyan2.jpg in Resources */ = {isa = PBXBuildFile; fileRef = 3A5DCB9C2440C7AB00890C82 /* tangyan2.jpg */; };
		3AD5C1752463B80600F3B29C /* SimpleFragment.glsl in Resources */ = {isa = PBXBuildFile; fileRef = 3A95901D23F6902000659C22 /* SimpleFragment.glsl */; };
		3AD5C1762463B80600F3B29C /* SimpleVertex.glsl in Resources */ = {isa = PBXBuildFile; fileRef = 3A95901E23F6902100659C22 /* SimpleVertex.glsl */; };
		3AD5C1772463B80600F3B29C /* timg.jpeg in Resources */ = {isa = PBXBuildFile; fileRef = 3A27E5CF243C7F3000EB4C85 /* timg.jpeg */; };
		3AD5C1782463B80600F3B29C /* tangyan.jpg in Resources */ = {isa = PBXBuildFile; fileRef = 3ADC09D32440BF470018D39E /* tangyan.jpg */; };
		3ADC09CB243ED4770018D39E /* HBBlockViewController.m in Sources */ = {isa = PBXBuildFile; fileRef = 3ADC09CA243ED4770018D39E /* HBBlockViewController.m */; };
		3ADC09D224407DFB0018D39E /* BeatyViewController.mm in Sources */ = {isa = PBXBuildFile; fileRef = 3ADC09D024407DFB0018D39E /* BeatyViewController.mm */; };
		3ADC09D42440BF470018D39E /* tangyan.jpg in Resources */ = {isa = PBXBuildFile; fileRef = 3ADC09D32440BF470018D39E /* tangyan.jpg */; };
		3ADE7C8B22CF480500B1E932 /* HBNavigationController.m in Sources */ = {isa = PBXBuildFile; fileRef = 3ADE7C8A22CF480500B1E932 /* HBNavigationController.m */; };
		3ADE7C8F22CF4BC200B1E932 /* HBRouter.m in Sources */ = {isa = PBXBuildFile; fileRef = 3ADE7C8E22CF4BC200B1E932 /* HBRouter.m */; };
		3AE93D80248E307100CAA7ED /* HBDrawTriangle.m in Sources */ = {isa = PBXBuildFile; fileRef = 3AE93D7F248E307100CAA7ED /* HBDrawTriangle.m */; };
		661F5322A2DAC1BCA645F9BE /* libPods-HBMVVMProject.a in Frameworks */ = {isa = PBXBuildFile; fileRef = E03B9A647A087C9DF24C4BFB /* libPods-HBMVVMProject.a */; };
		B447ACDD7F67F8288060148D /* libPods-HBMVVMProject.a in Frameworks */ = {isa = PBXBuildFile; fileRef = E03B9A647A087C9DF24C4BFB /* libPods-HBMVVMProject.a */; };
		EC91CC636D95D75583AF8DD2 /* libPods-HBMVVMProject-HBMVVMProjectTests.a in Frameworks */ = {isa = PBXBuildFile; fileRef = 2B45942D82D73B301B4F3299 /* libPods-HBMVVMProject-HBMVVMProjectTests.a */; };
		FB758E4FC52D983D0E0146CB /* libPods-HBMVVMProject-HBMVVMProjectUITests.a in Frameworks */ = {isa = PBXBuildFile; fileRef = 96DCF1DE5EEF1A16678CA899 /* libPods-HBMVVMProject-HBMVVMProjectUITests.a */; };
/* End PBXBuildFile section */

/* Begin PBXContainerItemProxy section */
		3A098B9122C61BE20007F5EB /* PBXContainerItemProxy */ = {
			isa = PBXContainerItemProxy;
			containerPortal = 3A098B7022C61BE10007F5EB /* Project object */;
			proxyType = 1;
			remoteGlobalIDString = 3A098B7722C61BE10007F5EB;
			remoteInfo = HBMVVMProject;
		};
		3A098B9C22C61BE20007F5EB /* PBXContainerItemProxy */ = {
			isa = PBXContainerItemProxy;
			containerPortal = 3A098B7022C61BE10007F5EB /* Project object */;
			proxyType = 1;
			remoteGlobalIDString = 3A098B7722C61BE10007F5EB;
			remoteInfo = HBMVVMProject;
		};
/* End PBXContainerItemProxy section */

/* Begin PBXFileReference section */
		05A7EDD19B6B837B1F5E3009 /* Pods-HBMVVMProject.release.xcconfig */ = {isa = PBXFileReference; includeInIndex = 1; lastKnownFileType = text.xcconfig; name = "Pods-HBMVVMProject.release.xcconfig"; path = "Pods/Target Support Files/Pods-HBMVVMProject/Pods-HBMVVMProject.release.xcconfig"; sourceTree = "<group>"; };
		06F2D12133CD62E878CC69C3 /* Pods-HBMVVMProject.debug.xcconfig */ = {isa = PBXFileReference; includeInIndex = 1; lastKnownFileType = text.xcconfig; name = "Pods-HBMVVMProject.debug.xcconfig"; path = "Pods/Target Support Files/Pods-HBMVVMProject/Pods-HBMVVMProject.debug.xcconfig"; sourceTree = "<group>"; };
		0901C78666190D643DA7A5C1 /* Pods-HBMVVMProject-HBMVVMProjectUITests.release.xcconfig */ = {isa = PBXFileReference; includeInIndex = 1; lastKnownFileType = text.xcconfig; name = "Pods-HBMVVMProject-HBMVVMProjectUITests.release.xcconfig"; path = "Pods/Target Support Files/Pods-HBMVVMProject-HBMVVMProjectUITests/Pods-HBMVVMProject-HBMVVMProjectUITests.release.xcconfig"; sourceTree = "<group>"; };
		21667C41AA03E778BB62F15C /* Pods-HBMVVMProject-HBMVVMProjectUITests.debug.xcconfig */ = {isa = PBXFileReference; includeInIndex = 1; lastKnownFileType = text.xcconfig; name = "Pods-HBMVVMProject-HBMVVMProjectUITests.debug.xcconfig"; path = "Pods/Target Support Files/Pods-HBMVVMProject-HBMVVMProjectUITests/Pods-HBMVVMProject-HBMVVMProjectUITests.debug.xcconfig"; sourceTree = "<group>"; };
		2B45942D82D73B301B4F3299 /* libPods-HBMVVMProject-HBMVVMProjectTests.a */ = {isa = PBXFileReference; explicitFileType = archive.ar; includeInIndex = 0; path = "libPods-HBMVVMProject-HBMVVMProjectTests.a"; sourceTree = BUILT_PRODUCTS_DIR; };
		3A06D31B245514C20066132A /* HBMVVMProject-Bridging-Header.h */ = {isa = PBXFileReference; lastKnownFileType = sourcecode.c.h; path = "HBMVVMProject-Bridging-Header.h"; sourceTree = "<group>"; };
		3A06D3222455158E0066132A /* HBSFViewController.swift */ = {isa = PBXFileReference; lastKnownFileType = sourcecode.swift; path = HBSFViewController.swift; sourceTree = "<group>"; };
		3A098B7822C61BE10007F5EB /* HBMVVMProject.app */ = {isa = PBXFileReference; explicitFileType = wrapper.application; includeInIndex = 0; path = HBMVVMProject.app; sourceTree = BUILT_PRODUCTS_DIR; };
		3A098B7B22C61BE10007F5EB /* AppDelegate.h */ = {isa = PBXFileReference; lastKnownFileType = sourcecode.c.h; path = AppDelegate.h; sourceTree = "<group>"; };
		3A098B7C22C61BE10007F5EB /* AppDelegate.m */ = {isa = PBXFileReference; lastKnownFileType = sourcecode.c.objc; path = AppDelegate.m; sourceTree = "<group>"; };
		3A098B7E22C61BE10007F5EB /* ViewController.h */ = {isa = PBXFileReference; lastKnownFileType = sourcecode.c.h; path = ViewController.h; sourceTree = "<group>"; };
		3A098B7F22C61BE10007F5EB /* ViewController.m */ = {isa = PBXFileReference; lastKnownFileType = sourcecode.c.objc; path = ViewController.m; sourceTree = "<group>"; };
		3A098B8222C61BE10007F5EB /* Base */ = {isa = PBXFileReference; lastKnownFileType = file.storyboard; name = Base; path = Base.lproj/Main.storyboard; sourceTree = "<group>"; };
		3A098B8422C61BE20007F5EB /* Assets.xcassets */ = {isa = PBXFileReference; lastKnownFileType = folder.assetcatalog; path = Assets.xcassets; sourceTree = "<group>"; };
		3A098B8722C61BE20007F5EB /* Base */ = {isa = PBXFileReference; lastKnownFileType = file.storyboard; name = Base; path = Base.lproj/LaunchScreen.storyboard; sourceTree = "<group>"; };
		3A098B8922C61BE20007F5EB /* Info.plist */ = {isa = PBXFileReference; lastKnownFileType = text.plist.xml; path = Info.plist; sourceTree = "<group>"; };
		3A098B8A22C61BE20007F5EB /* main.m */ = {isa = PBXFileReference; lastKnownFileType = sourcecode.c.objc; path = main.m; sourceTree = "<group>"; };
		3A098B9022C61BE20007F5EB /* HBMVVMProjectTests.xctest */ = {isa = PBXFileReference; explicitFileType = wrapper.cfbundle; includeInIndex = 0; path = HBMVVMProjectTests.xctest; sourceTree = BUILT_PRODUCTS_DIR; };
		3A098B9422C61BE20007F5EB /* HBMVVMProjectTests.m */ = {isa = PBXFileReference; lastKnownFileType = sourcecode.c.objc; path = HBMVVMProjectTests.m; sourceTree = "<group>"; };
		3A098B9622C61BE20007F5EB /* Info.plist */ = {isa = PBXFileReference; lastKnownFileType = text.plist.xml; path = Info.plist; sourceTree = "<group>"; };
		3A098B9B22C61BE20007F5EB /* HBMVVMProjectUITests.xctest */ = {isa = PBXFileReference; explicitFileType = wrapper.cfbundle; includeInIndex = 0; path = HBMVVMProjectUITests.xctest; sourceTree = BUILT_PRODUCTS_DIR; };
		3A098B9F22C61BE20007F5EB /* HBMVVMProjectUITests.m */ = {isa = PBXFileReference; lastKnownFileType = sourcecode.c.objc; path = HBMVVMProjectUITests.m; sourceTree = "<group>"; };
		3A098BA122C61BE20007F5EB /* Info.plist */ = {isa = PBXFileReference; lastKnownFileType = text.plist.xml; path = Info.plist; sourceTree = "<group>"; };
		3A098BAE22CB5EAA0007F5EB /* HBTabBarViewController.h */ = {isa = PBXFileReference; lastKnownFileType = sourcecode.c.h; path = HBTabBarViewController.h; sourceTree = "<group>"; };
		3A098BAF22CB5EAA0007F5EB /* HBTabBarViewController.m */ = {isa = PBXFileReference; lastKnownFileType = sourcecode.c.objc; path = HBTabBarViewController.m; sourceTree = "<group>"; };
		3A27E5CA243B728800EB4C85 /* smile.jpeg */ = {isa = PBXFileReference; lastKnownFileType = image.jpeg; path = smile.jpeg; sourceTree = "<group>"; };
		3A27E5CE243C7F3000EB4C85 /* bikini.jpeg */ = {isa = PBXFileReference; lastKnownFileType = image.jpeg; path = bikini.jpeg; sourceTree = "<group>"; };
		3A27E5CF243C7F3000EB4C85 /* timg.jpeg */ = {isa = PBXFileReference; lastKnownFileType = image.jpeg; path = timg.jpeg; sourceTree = "<group>"; };
		3A27E5D2243C851900EB4C85 /* smile.png */ = {isa = PBXFileReference; lastKnownFileType = image.png; path = smile.png; sourceTree = "<group>"; };
		3A46208823FE9C3E009A4609 /* HBGLDrawTools.h */ = {isa = PBXFileReference; lastKnownFileType = sourcecode.c.h; path = HBGLDrawTools.h; sourceTree = "<group>"; };
		3A46208923FE9C3E009A4609 /* HBGLDrawTools.m */ = {isa = PBXFileReference; lastKnownFileType = sourcecode.c.objc; path = HBGLDrawTools.m; sourceTree = "<group>"; };
		3A46208B23FE9C77009A4609 /* HBGLObject.h */ = {isa = PBXFileReference; lastKnownFileType = sourcecode.c.h; path = HBGLObject.h; sourceTree = "<group>"; };
		3A46208C23FE9C77009A4609 /* HBGLObject.m */ = {isa = PBXFileReference; lastKnownFileType = sourcecode.c.objc; path = HBGLObject.m; sourceTree = "<group>"; };
		3A46208E23FEA32F009A4609 /* HBGLTool.m */ = {isa = PBXFileReference; fileEncoding = 4; lastKnownFileType = sourcecode.c.objc; path = HBGLTool.m; sourceTree = "<group>"; };
		3A46208F23FEA32F009A4609 /* HBGLTool.h */ = {isa = PBXFileReference; fileEncoding = 4; lastKnownFileType = sourcecode.c.h; path = HBGLTool.h; sourceTree = "<group>"; };
		3A480819248A616700B9DF6E /* HBDrawTriangle.h */ = {isa = PBXFileReference; lastKnownFileType = sourcecode.c.h; path = HBDrawTriangle.h; sourceTree = "<group>"; };
		3A5DCB9A2440C22200890C82 /* WebKit.framework */ = {isa = PBXFileReference; lastKnownFileType = wrapper.framework; name = WebKit.framework; path = System/Library/Frameworks/WebKit.framework; sourceTree = SDKROOT; };
		3A5DCB9C2440C7AB00890C82 /* tangyan2.jpg */ = {isa = PBXFileReference; lastKnownFileType = image.jpeg; path = tangyan2.jpg; sourceTree = "<group>"; };
		3A5FC6FF244DB137004AE2A6 /* HBNSLog.h */ = {isa = PBXFileReference; lastKnownFileType = sourcecode.c.h; path = HBNSLog.h; sourceTree = "<group>"; };
		3A5FC700244DB137004AE2A6 /* HBNSLog.m */ = {isa = PBXFileReference; lastKnownFileType = sourcecode.c.objc; path = HBNSLog.m; sourceTree = "<group>"; };
		3A764F3C23B618680052B1E9 /* images.xcassets */ = {isa = PBXFileReference; lastKnownFileType = folder.assetcatalog; path = images.xcassets; sourceTree = "<group>"; };
		3A8A378D22D350A300F12124 /* HBRouterUtils.h */ = {isa = PBXFileReference; lastKnownFileType = sourcecode.c.h; path = HBRouterUtils.h; sourceTree = "<group>"; };
		3A8A378E22D350A400F12124 /* HBRouterUtils.m */ = {isa = PBXFileReference; lastKnownFileType = sourcecode.c.objc; path = HBRouterUtils.m; sourceTree = "<group>"; };
		3A8A379022D4813300F12124 /* HBTabBarModule.h */ = {isa = PBXFileReference; lastKnownFileType = sourcecode.c.h; path = HBTabBarModule.h; sourceTree = "<group>"; };
		3A8A379122D4813300F12124 /* HBTabBarModule.m */ = {isa = PBXFileReference; lastKnownFileType = sourcecode.c.objc; path = HBTabBarModule.m; sourceTree = "<group>"; };
		3A8A379622D4A49F00F12124 /* HBNavModule.h */ = {isa = PBXFileReference; lastKnownFileType = sourcecode.c.h; path = HBNavModule.h; sourceTree = "<group>"; };
		3A8A379722D4A49F00F12124 /* HBNavModule.m */ = {isa = PBXFileReference; lastKnownFileType = sourcecode.c.objc; path = HBNavModule.m; sourceTree = "<group>"; };
		3A8A379D22D4B73300F12124 /* HBConstant.h */ = {isa = PBXFileReference; lastKnownFileType = sourcecode.c.h; path = HBConstant.h; sourceTree = "<group>"; };
		3A8A379E22D4B73300F12124 /* HBConstant.m */ = {isa = PBXFileReference; lastKnownFileType = sourcecode.c.objc; path = HBConstant.m; sourceTree = "<group>"; };
		3A8A37A022D4B7B300F12124 /* HomeViewController.h */ = {isa = PBXFileReference; lastKnownFileType = sourcecode.c.h; path = HomeViewController.h; sourceTree = "<group>"; };
		3A8A37A122D4B7B300F12124 /* HomeViewController.mm */ = {isa = PBXFileReference; lastKnownFileType = sourcecode.cpp.objcpp; path = HomeViewController.mm; sourceTree = "<group>"; };
		3A8A37A322D4B7C200F12124 /* DisplayViewController.h */ = {isa = PBXFileReference; lastKnownFileType = sourcecode.c.h; path = DisplayViewController.h; sourceTree = "<group>"; };
		3A8A37A422D4B7C200F12124 /* DisplayViewController.m */ = {isa = PBXFileReference; lastKnownFileType = sourcecode.c.objc; path = DisplayViewController.m; sourceTree = "<group>"; };
		3A8A37A622D4B7D100F12124 /* DiscoveryViewController.h */ = {isa = PBXFileReference; lastKnownFileType = sourcecode.c.h; path = DiscoveryViewController.h; sourceTree = "<group>"; };
		3A8A37A722D4B7D100F12124 /* DiscoveryViewController.m */ = {isa = PBXFileReference; lastKnownFileType = sourcecode.c.objc; path = DiscoveryViewController.m; sourceTree = "<group>"; };
		3A8A37A922D4B7DD00F12124 /* MineViewController.h */ = {isa = PBXFileReference; lastKnownFileType = sourcecode.c.h; path = MineViewController.h; sourceTree = "<group>"; };
		3A8A37AA22D4B7DD00F12124 /* MineViewController.m */ = {isa = PBXFileReference; lastKnownFileType = sourcecode.c.objc; path = MineViewController.m; sourceTree = "<group>"; };
		3A8A37AC22D4BCB500F12124 /* HomeModule.h */ = {isa = PBXFileReference; lastKnownFileType = sourcecode.c.h; path = HomeModule.h; sourceTree = "<group>"; };
		3A8A37AD22D4BCB500F12124 /* HomeModule.m */ = {isa = PBXFileReference; lastKnownFileType = sourcecode.c.objc; path = HomeModule.m; sourceTree = "<group>"; };
		3A8A37AF22D4BCC500F12124 /* DisplayModule.h */ = {isa = PBXFileReference; lastKnownFileType = sourcecode.c.h; path = DisplayModule.h; sourceTree = "<group>"; };
		3A8A37B022D4BCC500F12124 /* DisplayModule.m */ = {isa = PBXFileReference; lastKnownFileType = sourcecode.c.objc; path = DisplayModule.m; sourceTree = "<group>"; };
		3A8A37B222D4BCD400F12124 /* DiscoveryModule.h */ = {isa = PBXFileReference; lastKnownFileType = sourcecode.c.h; path = DiscoveryModule.h; sourceTree = "<group>"; };
		3A8A37B322D4BCD400F12124 /* DiscoveryModule.m */ = {isa = PBXFileReference; lastKnownFileType = sourcecode.c.objc; path = DiscoveryModule.m; sourceTree = "<group>"; };
		3A8A37B522D4BCE000F12124 /* MineModule.h */ = {isa = PBXFileReference; lastKnownFileType = sourcecode.c.h; path = MineModule.h; sourceTree = "<group>"; };
		3A8A37B622D4BCE000F12124 /* MineModule.m */ = {isa = PBXFileReference; lastKnownFileType = sourcecode.c.objc; path = MineModule.m; sourceTree = "<group>"; };
		3A8A37B822D4C07100F12124 /* HBBaseViewController.h */ = {isa = PBXFileReference; lastKnownFileType = sourcecode.c.h; path = HBBaseViewController.h; sourceTree = "<group>"; };
		3A8A37B922D4C07100F12124 /* HBBaseViewController.m */ = {isa = PBXFileReference; lastKnownFileType = sourcecode.c.objc; path = HBBaseViewController.m; sourceTree = "<group>"; };
		3A8ED7B823D82E3A00823321 /* MoneyModule.m */ = {isa = PBXFileReference; fileEncoding = 4; lastKnownFileType = sourcecode.c.objc; path = MoneyModule.m; sourceTree = "<group>"; };
		3A8ED7B923D82E3A00823321 /* MoneyModule.h */ = {isa = PBXFileReference; fileEncoding = 4; lastKnownFileType = sourcecode.c.h; path = MoneyModule.h; sourceTree = "<group>"; };
		3A8ED7BB23D82E4F00823321 /* MoreModule.h */ = {isa = PBXFileReference; lastKnownFileType = sourcecode.c.h; path = MoreModule.h; sourceTree = "<group>"; };
		3A8ED7BC23D82E4F00823321 /* MoreModule.m */ = {isa = PBXFileReference; lastKnownFileType = sourcecode.c.objc; path = MoreModule.m; sourceTree = "<group>"; };
		3A8ED7BE23D82E6700823321 /* MoreViewController.h */ = {isa = PBXFileReference; lastKnownFileType = sourcecode.c.h; path = MoreViewController.h; sourceTree = "<group>"; };
		3A8ED7BF23D82E6700823321 /* MoreViewController.m */ = {isa = PBXFileReference; lastKnownFileType = sourcecode.c.objc; path = MoreViewController.m; sourceTree = "<group>"; };
		3A8ED7C123D82E7600823321 /* MoneyViewController.h */ = {isa = PBXFileReference; lastKnownFileType = sourcecode.c.h; path = MoneyViewController.h; sourceTree = "<group>"; };
		3A8ED7C223D82E7600823321 /* MoneyViewController.m */ = {isa = PBXFileReference; lastKnownFileType = sourcecode.c.objc; path = MoneyViewController.m; sourceTree = "<group>"; };
		3A8ED7C523D8488700823321 /* OpenGLModule.h */ = {isa = PBXFileReference; lastKnownFileType = sourcecode.c.h; path = OpenGLModule.h; sourceTree = "<group>"; };
		3A8ED7C623D8488700823321 /* OpenGLModule.m */ = {isa = PBXFileReference; lastKnownFileType = sourcecode.c.objc; path = OpenGLModule.m; sourceTree = "<group>"; };
		3A8ED7C823D848C300823321 /* OpenGLViewController.h */ = {isa = PBXFileReference; lastKnownFileType = sourcecode.c.h; path = OpenGLViewController.h; sourceTree = "<group>"; };
		3A8ED7C923D848C300823321 /* OpenGLViewController.m */ = {isa = PBXFileReference; lastKnownFileType = sourcecode.c.objc; path = OpenGLViewController.m; sourceTree = "<group>"; };
		3A8ED7CC23D943B300823321 /* JDARVRVideoPlane.m */ = {isa = PBXFileReference; fileEncoding = 4; lastKnownFileType = sourcecode.c.objc; path = JDARVRVideoPlane.m; sourceTree = "<group>"; };
		3A8ED7CD23D943B300823321 /* JDARVRGLContext.m */ = {isa = PBXFileReference; fileEncoding = 4; lastKnownFileType = sourcecode.c.objc; path = JDARVRGLContext.m; sourceTree = "<group>"; };
		3A8ED7CE23D943B300823321 /* JDARVRGLGeometry.h */ = {isa = PBXFileReference; fileEncoding = 4; lastKnownFileType = sourcecode.c.h; path = JDARVRGLGeometry.h; sourceTree = "<group>"; };
		3A8ED7CF23D943B300823321 /* JDARVRGLObject.h */ = {isa = PBXFileReference; fileEncoding = 4; lastKnownFileType = sourcecode.c.h; path = JDARVRGLObject.h; sourceTree = "<group>"; };
		3A8ED7D023D943B300823321 /* JDARVRCameraRender.h */ = {isa = PBXFileReference; fileEncoding = 4; lastKnownFileType = sourcecode.c.h; path = JDARVRCameraRender.h; sourceTree = "<group>"; };
		3A8ED7D123D943B300823321 /* JDARVRVideoPlane.h */ = {isa = PBXFileReference; fileEncoding = 4; lastKnownFileType = sourcecode.c.h; path = JDARVRVideoPlane.h; sourceTree = "<group>"; };
		3A8ED7D223D943B300823321 /* JDARVRGLGeometry.m */ = {isa = PBXFileReference; fileEncoding = 4; lastKnownFileType = sourcecode.c.objc; path = JDARVRGLGeometry.m; sourceTree = "<group>"; };
		3A8ED7D323D943B300823321 /* JDARVRGLContext.h */ = {isa = PBXFileReference; fileEncoding = 4; lastKnownFileType = sourcecode.c.h; path = JDARVRGLContext.h; sourceTree = "<group>"; };
		3A8ED7D423D943B300823321 /* JDARVRCameraRender.m */ = {isa = PBXFileReference; fileEncoding = 4; lastKnownFileType = sourcecode.c.objc; path = JDARVRCameraRender.m; sourceTree = "<group>"; };
		3A8ED7D523D943B300823321 /* JDARVRGLObject.m */ = {isa = PBXFileReference; fileEncoding = 4; lastKnownFileType = sourcecode.c.objc; path = JDARVRGLObject.m; sourceTree = "<group>"; };
		3A8ED7DC23D94CB700823321 /* HBGLToolContext.h */ = {isa = PBXFileReference; lastKnownFileType = sourcecode.c.h; path = HBGLToolContext.h; sourceTree = "<group>"; };
		3A8ED7DD23D94CB700823321 /* HBGLToolContext.m */ = {isa = PBXFileReference; lastKnownFileType = sourcecode.c.objc; path = HBGLToolContext.m; sourceTree = "<group>"; };
		3A95901D23F6902000659C22 /* SimpleFragment.glsl */ = {isa = PBXFileReference; fileEncoding = 4; lastKnownFileType = text; path = SimpleFragment.glsl; sourceTree = "<group>"; };
		3A95901E23F6902100659C22 /* SimpleVertex.glsl */ = {isa = PBXFileReference; fileEncoding = 4; lastKnownFileType = text; path = SimpleVertex.glsl; sourceTree = "<group>"; };
		3AAF315D2412865C001AF56F /* HBOrderTools.h */ = {isa = PBXFileReference; lastKnownFileType = sourcecode.c.h; path = HBOrderTools.h; sourceTree = "<group>"; };
		3AAF315E2412865C001AF56F /* HBOrderTools.mm */ = {isa = PBXFileReference; lastKnownFileType = sourcecode.cpp.objcpp; path = HBOrderTools.mm; sourceTree = "<group>"; };
		3AAF31602412AD67001AF56F /* HBStackForImplement.h */ = {isa = PBXFileReference; lastKnownFileType = sourcecode.c.h; path = HBStackForImplement.h; sourceTree = "<group>"; };
		3AAF31612412AD67001AF56F /* HBStackForImplement.m */ = {isa = PBXFileReference; lastKnownFileType = sourcecode.c.objc; path = HBStackForImplement.m; sourceTree = "<group>"; };
		3ABFE2EF246D4CF400B013A6 /* HBDisplayModel.h */ = {isa = PBXFileReference; lastKnownFileType = sourcecode.c.h; path = HBDisplayModel.h; sourceTree = "<group>"; };
		3ABFE2F0246D4CF400B013A6 /* HBDisplayModel.m */ = {isa = PBXFileReference; lastKnownFileType = sourcecode.c.objc; path = HBDisplayModel.m; sourceTree = "<group>"; };
		3ABFE2F2246D4D6500B013A6 /* HBDisplayViewModel.h */ = {isa = PBXFileReference; lastKnownFileType = sourcecode.c.h; path = HBDisplayViewModel.h; sourceTree = "<group>"; };
		3ABFE2F3246D4D6500B013A6 /* HBDisplayViewModel.m */ = {isa = PBXFileReference; lastKnownFileType = sourcecode.c.objc; path = HBDisplayViewModel.m; sourceTree = "<group>"; };
		3AD5C17C2463B80700F3B29C /* HBMVVMProject1.app */ = {isa = PBXFileReference; explicitFileType = wrapper.application; includeInIndex = 0; path = HBMVVMProject1.app; sourceTree = BUILT_PRODUCTS_DIR; };
		3AD5C17D2463B80700F3B29C /* HBMVVMProject copy-Info.plist */ = {isa = PBXFileReference; lastKnownFileType = text.plist.xml; name = "HBMVVMProject copy-Info.plist"; path = "/Users/hongbao.cui/Desktop/work/Myworkspace/HBMVVMProject/HBMVVMProject copy-Info.plist"; sourceTree = "<absolute>"; };
		3ADC09C9243ED4770018D39E /* HBBlockViewController.h */ = {isa = PBXFileReference; lastKnownFileType = sourcecode.c.h; path = HBBlockViewController.h; sourceTree = "<group>"; };
		3ADC09CA243ED4770018D39E /* HBBlockViewController.m */ = {isa = PBXFileReference; lastKnownFileType = sourcecode.c.objc; path = HBBlockViewController.m; sourceTree = "<group>"; };
		3ADC09D024407DFB0018D39E /* BeatyViewController.mm */ = {isa = PBXFileReference; fileEncoding = 4; lastKnownFileType = sourcecode.cpp.objcpp; path = BeatyViewController.mm; sourceTree = "<group>"; };
		3ADC09D124407DFB0018D39E /* BeatyViewController.h */ = {isa = PBXFileReference; fileEncoding = 4; lastKnownFileType = sourcecode.c.h; path = BeatyViewController.h; sourceTree = "<group>"; };
		3ADC09D32440BF470018D39E /* tangyan.jpg */ = {isa = PBXFileReference; lastKnownFileType = image.jpeg; path = tangyan.jpg; sourceTree = "<group>"; };
		3ADE7C8922CF480500B1E932 /* HBNavigationController.h */ = {isa = PBXFileReference; lastKnownFileType = sourcecode.c.h; path = HBNavigationController.h; sourceTree = "<group>"; };
		3ADE7C8A22CF480500B1E932 /* HBNavigationController.m */ = {isa = PBXFileReference; lastKnownFileType = sourcecode.c.objc; path = HBNavigationController.m; sourceTree = "<group>"; };
		3ADE7C8D22CF4BC200B1E932 /* HBRouter.h */ = {isa = PBXFileReference; lastKnownFileType = sourcecode.c.h; path = HBRouter.h; sourceTree = "<group>"; };
		3ADE7C8E22CF4BC200B1E932 /* HBRouter.m */ = {isa = PBXFileReference; lastKnownFileType = sourcecode.c.objc; path = HBRouter.m; sourceTree = "<group>"; };
		3AE93D7F248E307100CAA7ED /* HBDrawTriangle.m */ = {isa = PBXFileReference; fileEncoding = 4; lastKnownFileType = sourcecode.c.objc; path = HBDrawTriangle.m; sourceTree = "<group>"; };
		96DCF1DE5EEF1A16678CA899 /* libPods-HBMVVMProject-HBMVVMProjectUITests.a */ = {isa = PBXFileReference; explicitFileType = archive.ar; includeInIndex = 0; path = "libPods-HBMVVMProject-HBMVVMProjectUITests.a"; sourceTree = BUILT_PRODUCTS_DIR; };
		A0C7D3B9BED7EF1F9817AE8D /* Pods-HBMVVMProject-HBMVVMProjectTests.release.xcconfig */ = {isa = PBXFileReference; includeInIndex = 1; lastKnownFileType = text.xcconfig; name = "Pods-HBMVVMProject-HBMVVMProjectTests.release.xcconfig"; path = "Pods/Target Support Files/Pods-HBMVVMProject-HBMVVMProjectTests/Pods-HBMVVMProject-HBMVVMProjectTests.release.xcconfig"; sourceTree = "<group>"; };
		E03B9A647A087C9DF24C4BFB /* libPods-HBMVVMProject.a */ = {isa = PBXFileReference; explicitFileType = archive.ar; includeInIndex = 0; path = "libPods-HBMVVMProject.a"; sourceTree = BUILT_PRODUCTS_DIR; };
		FA14CB389AB4652B37FA22B8 /* Pods-HBMVVMProject-HBMVVMProjectTests.debug.xcconfig */ = {isa = PBXFileReference; includeInIndex = 1; lastKnownFileType = text.xcconfig; name = "Pods-HBMVVMProject-HBMVVMProjectTests.debug.xcconfig"; path = "Pods/Target Support Files/Pods-HBMVVMProject-HBMVVMProjectTests/Pods-HBMVVMProject-HBMVVMProjectTests.debug.xcconfig"; sourceTree = "<group>"; };
/* End PBXFileReference section */

/* Begin PBXFrameworksBuildPhase section */
		3A098B7522C61BE10007F5EB /* Frameworks */ = {
			isa = PBXFrameworksBuildPhase;
			buildActionMask = 2147483647;
			files = (
				3A5DCB9B2440C22200890C82 /* WebKit.framework in Frameworks */,
				B447ACDD7F67F8288060148D /* libPods-HBMVVMProject.a in Frameworks */,
				661F5322A2DAC1BCA645F9BE /* libPods-HBMVVMProject.a in Frameworks */,
			);
			runOnlyForDeploymentPostprocessing = 0;
		};
		3A098B8D22C61BE20007F5EB /* Frameworks */ = {
			isa = PBXFrameworksBuildPhase;
			buildActionMask = 2147483647;
			files = (
				EC91CC636D95D75583AF8DD2 /* libPods-HBMVVMProject-HBMVVMProjectTests.a in Frameworks */,
			);
			runOnlyForDeploymentPostprocessing = 0;
		};
		3A098B9822C61BE20007F5EB /* Frameworks */ = {
			isa = PBXFrameworksBuildPhase;
			buildActionMask = 2147483647;
			files = (
				FB758E4FC52D983D0E0146CB /* libPods-HBMVVMProject-HBMVVMProjectUITests.a in Frameworks */,
			);
			runOnlyForDeploymentPostprocessing = 0;
		};
		3AD5C1692463B80600F3B29C /* Frameworks */ = {
			isa = PBXFrameworksBuildPhase;
			buildActionMask = 2147483647;
			files = (
				3AD5C16A2463B80600F3B29C /* WebKit.framework in Frameworks */,
			);
			runOnlyForDeploymentPostprocessing = 0;
		};
/* End PBXFrameworksBuildPhase section */

/* Begin PBXGroup section */
		3A098B6F22C61BE10007F5EB = {
			isa = PBXGroup;
			children = (
				3A098B7A22C61BE10007F5EB /* HBMVVMProject */,
				3A098B9322C61BE20007F5EB /* HBMVVMProjectTests */,
				3A098B9E22C61BE20007F5EB /* HBMVVMProjectUITests */,
				3A098B7922C61BE10007F5EB /* Products */,
				A009D6B617B3D07B05DA9707 /* Pods */,
				C5B9D17B32875809BCD56D70 /* Frameworks */,
				3AD5C17D2463B80700F3B29C /* HBMVVMProject copy-Info.plist */,
			);
			sourceTree = "<group>";
		};
		3A098B7922C61BE10007F5EB /* Products */ = {
			isa = PBXGroup;
			children = (
				3A098B7822C61BE10007F5EB /* HBMVVMProject.app */,
				3A098B9022C61BE20007F5EB /* HBMVVMProjectTests.xctest */,
				3A098B9B22C61BE20007F5EB /* HBMVVMProjectUITests.xctest */,
				3AD5C17C2463B80700F3B29C /* HBMVVMProject1.app */,
			);
			name = Products;
			sourceTree = "<group>";
		};
		3A098B7A22C61BE10007F5EB /* HBMVVMProject */ = {
			isa = PBXGroup;
			children = (
				3A5FC6FE244DB11A004AE2A6 /* BaseUtil */,
				3A8ED7C423D8486E00823321 /* openGL */,
				3A8ED7B423D82DF400823321 /* money */,
				3A8ED7B323D82DF400823321 /* more */,
				3A8A379C22D4AAB600F12124 /* Mine */,
				3A8A379B22D4AAB100F12124 /* Discovery */,
				3A8A379A22D4AAA900F12124 /* Display */,
				3A8A379922D4A7F800F12124 /* Home */,
				3ADE7C8C22CF4B7500B1E932 /* HBRouter */,
				3A098BAD22CB5A870007F5EB /* mainFrame */,
				3A098B7B22C61BE10007F5EB /* AppDelegate.h */,
				3A098B7C22C61BE10007F5EB /* AppDelegate.m */,
				3A098B7E22C61BE10007F5EB /* ViewController.h */,
				3A098B7F22C61BE10007F5EB /* ViewController.m */,
				3A098B8122C61BE10007F5EB /* Main.storyboard */,
				3A098B8422C61BE20007F5EB /* Assets.xcassets */,
				3A098B8622C61BE20007F5EB /* LaunchScreen.storyboard */,
				3A098B8922C61BE20007F5EB /* Info.plist */,
				3A098B8A22C61BE20007F5EB /* main.m */,
				3A8A379D22D4B73300F12124 /* HBConstant.h */,
				3A8A379E22D4B73300F12124 /* HBConstant.m */,
				3A8A37B822D4C07100F12124 /* HBBaseViewController.h */,
				3A8A37B922D4C07100F12124 /* HBBaseViewController.m */,
				3A764F3C23B618680052B1E9 /* images.xcassets */,
			);
			path = HBMVVMProject;
			sourceTree = "<group>";
		};
		3A098B9322C61BE20007F5EB /* HBMVVMProjectTests */ = {
			isa = PBXGroup;
			children = (
				3A098B9422C61BE20007F5EB /* HBMVVMProjectTests.m */,
				3A098B9622C61BE20007F5EB /* Info.plist */,
			);
			path = HBMVVMProjectTests;
			sourceTree = "<group>";
		};
		3A098B9E22C61BE20007F5EB /* HBMVVMProjectUITests */ = {
			isa = PBXGroup;
			children = (
				3A098B9F22C61BE20007F5EB /* HBMVVMProjectUITests.m */,
				3A098BA122C61BE20007F5EB /* Info.plist */,
			);
			path = HBMVVMProjectUITests;
			sourceTree = "<group>";
		};
		3A098BAD22CB5A870007F5EB /* mainFrame */ = {
			isa = PBXGroup;
			children = (
				3A098BAE22CB5EAA0007F5EB /* HBTabBarViewController.h */,
				3A098BAF22CB5EAA0007F5EB /* HBTabBarViewController.m */,
				3ADE7C8922CF480500B1E932 /* HBNavigationController.h */,
				3ADE7C8A22CF480500B1E932 /* HBNavigationController.m */,
				3A8A379022D4813300F12124 /* HBTabBarModule.h */,
				3A8A379122D4813300F12124 /* HBTabBarModule.m */,
				3A8A379622D4A49F00F12124 /* HBNavModule.h */,
				3A8A379722D4A49F00F12124 /* HBNavModule.m */,
			);
			path = mainFrame;
			sourceTree = "<group>";
		};
		3A5FC6FE244DB11A004AE2A6 /* BaseUtil */ = {
			isa = PBXGroup;
			children = (
				3A5FC6FF244DB137004AE2A6 /* HBNSLog.h */,
				3A5FC700244DB137004AE2A6 /* HBNSLog.m */,
			);
			path = BaseUtil;
			sourceTree = "<group>";
		};
		3A8A379922D4A7F800F12124 /* Home */ = {
			isa = PBXGroup;
			children = (
				3A5DCB9C2440C7AB00890C82 /* tangyan2.jpg */,
				3ADC09D32440BF470018D39E /* tangyan.jpg */,
				3ADC09D124407DFB0018D39E /* BeatyViewController.h */,
				3ADC09D024407DFB0018D39E /* BeatyViewController.mm */,
				3A27E5D2243C851900EB4C85 /* smile.png */,
				3A27E5CE243C7F3000EB4C85 /* bikini.jpeg */,
				3A27E5CF243C7F3000EB4C85 /* timg.jpeg */,
				3A27E5CA243B728800EB4C85 /* smile.jpeg */,
				3AAF315C24128633001AF56F /* orderTools */,
				3A8A37A022D4B7B300F12124 /* HomeViewController.h */,
				3A8A37A122D4B7B300F12124 /* HomeViewController.mm */,
				3A8A37AC22D4BCB500F12124 /* HomeModule.h */,
				3A8A37AD22D4BCB500F12124 /* HomeModule.m */,
				3ADC09C9243ED4770018D39E /* HBBlockViewController.h */,
				3ADC09CA243ED4770018D39E /* HBBlockViewController.m */,
				3A06D31B245514C20066132A /* HBMVVMProject-Bridging-Header.h */,
				3A06D3222455158E0066132A /* HBSFViewController.swift */,
			);
			path = Home;
			sourceTree = "<group>";
		};
		3A8A379A22D4AAA900F12124 /* Display */ = {
			isa = PBXGroup;
			children = (
				3A8A37AF22D4BCC500F12124 /* DisplayModule.h */,
				3A8A37B022D4BCC500F12124 /* DisplayModule.m */,
				3A8A37A322D4B7C200F12124 /* DisplayViewController.h */,
				3A8A37A422D4B7C200F12124 /* DisplayViewController.m */,
				3ABFE2EF246D4CF400B013A6 /* HBDisplayModel.h */,
				3ABFE2F0246D4CF400B013A6 /* HBDisplayModel.m */,
				3ABFE2F2246D4D6500B013A6 /* HBDisplayViewModel.h */,
				3ABFE2F3246D4D6500B013A6 /* HBDisplayViewModel.m */,
			);
			path = Display;
			sourceTree = "<group>";
		};
		3A8A379B22D4AAB100F12124 /* Discovery */ = {
			isa = PBXGroup;
			children = (
				3A8A37A622D4B7D100F12124 /* DiscoveryViewController.h */,
				3A8A37A722D4B7D100F12124 /* DiscoveryViewController.m */,
				3A8A37B222D4BCD400F12124 /* DiscoveryModule.h */,
				3A8A37B322D4BCD400F12124 /* DiscoveryModule.m */,
			);
			path = Discovery;
			sourceTree = "<group>";
		};
		3A8A379C22D4AAB600F12124 /* Mine */ = {
			isa = PBXGroup;
			children = (
				3A8A37A922D4B7DD00F12124 /* MineViewController.h */,
				3A8A37AA22D4B7DD00F12124 /* MineViewController.m */,
				3A8A37B522D4BCE000F12124 /* MineModule.h */,
				3A8A37B622D4BCE000F12124 /* MineModule.m */,
			);
			path = Mine;
			sourceTree = "<group>";
		};
		3A8ED7B323D82DF400823321 /* more */ = {
			isa = PBXGroup;
			children = (
				3A8ED7BB23D82E4F00823321 /* MoreModule.h */,
				3A8ED7BC23D82E4F00823321 /* MoreModule.m */,
				3A8ED7BE23D82E6700823321 /* MoreViewController.h */,
				3A8ED7BF23D82E6700823321 /* MoreViewController.m */,
			);
			path = more;
			sourceTree = "<group>";
		};
		3A8ED7B423D82DF400823321 /* money */ = {
			isa = PBXGroup;
			children = (
				3A8ED7B923D82E3A00823321 /* MoneyModule.h */,
				3A8ED7B823D82E3A00823321 /* MoneyModule.m */,
				3A8ED7C123D82E7600823321 /* MoneyViewController.h */,
				3A8ED7C223D82E7600823321 /* MoneyViewController.m */,
			);
			path = money;
			sourceTree = "<group>";
		};
		3A8ED7C423D8486E00823321 /* openGL */ = {
			isa = PBXGroup;
			children = (
				3A95901D23F6902000659C22 /* SimpleFragment.glsl */,
				3A95901E23F6902100659C22 /* SimpleVertex.glsl */,
				3A8ED7DB23D94C9C00823321 /* GLTools */,
				3A8ED7CB23D943B300823321 /* GLCameraRender */,
				3A8ED7C523D8488700823321 /* OpenGLModule.h */,
				3A8ED7C623D8488700823321 /* OpenGLModule.m */,
				3A8ED7C823D848C300823321 /* OpenGLViewController.h */,
				3A8ED7C923D848C300823321 /* OpenGLViewController.m */,
				3A480819248A616700B9DF6E /* HBDrawTriangle.h */,
				3AE93D7F248E307100CAA7ED /* HBDrawTriangle.m */,
			);
			path = openGL;
			sourceTree = "<group>";
		};
		3A8ED7CB23D943B300823321 /* GLCameraRender */ = {
			isa = PBXGroup;
			children = (
				3A8ED7D023D943B300823321 /* JDARVRCameraRender.h */,
				3A8ED7D423D943B300823321 /* JDARVRCameraRender.m */,
				3A8ED7D323D943B300823321 /* JDARVRGLContext.h */,
				3A8ED7CD23D943B300823321 /* JDARVRGLContext.m */,
				3A8ED7CE23D943B300823321 /* JDARVRGLGeometry.h */,
				3A8ED7D223D943B300823321 /* JDARVRGLGeometry.m */,
				3A8ED7CF23D943B300823321 /* JDARVRGLObject.h */,
				3A8ED7D523D943B300823321 /* JDARVRGLObject.m */,
				3A8ED7D123D943B300823321 /* JDARVRVideoPlane.h */,
				3A8ED7CC23D943B300823321 /* JDARVRVideoPlane.m */,
			);
			path = GLCameraRender;
			sourceTree = "<group>";
		};
		3A8ED7DB23D94C9C00823321 /* GLTools */ = {
			isa = PBXGroup;
			children = (
				3A46208F23FEA32F009A4609 /* HBGLTool.h */,
				3A46208E23FEA32F009A4609 /* HBGLTool.m */,
				3A8ED7DC23D94CB700823321 /* HBGLToolContext.h */,
				3A8ED7DD23D94CB700823321 /* HBGLToolContext.m */,
				3A46208823FE9C3E009A4609 /* HBGLDrawTools.h */,
				3A46208923FE9C3E009A4609 /* HBGLDrawTools.m */,
				3A46208B23FE9C77009A4609 /* HBGLObject.h */,
				3A46208C23FE9C77009A4609 /* HBGLObject.m */,
			);
			path = GLTools;
			sourceTree = "<group>";
		};
		3AAF315C24128633001AF56F /* orderTools */ = {
			isa = PBXGroup;
			children = (
				3AAF315D2412865C001AF56F /* HBOrderTools.h */,
				3AAF315E2412865C001AF56F /* HBOrderTools.mm */,
				3AAF31602412AD67001AF56F /* HBStackForImplement.h */,
				3AAF31612412AD67001AF56F /* HBStackForImplement.m */,
			);
			path = orderTools;
			sourceTree = "<group>";
		};
		3ADE7C8C22CF4B7500B1E932 /* HBRouter */ = {
			isa = PBXGroup;
			children = (
				3ADE7C8D22CF4BC200B1E932 /* HBRouter.h */,
				3ADE7C8E22CF4BC200B1E932 /* HBRouter.m */,
				3A8A378D22D350A300F12124 /* HBRouterUtils.h */,
				3A8A378E22D350A400F12124 /* HBRouterUtils.m */,
			);
			path = HBRouter;
			sourceTree = "<group>";
		};
		A009D6B617B3D07B05DA9707 /* Pods */ = {
			isa = PBXGroup;
			children = (
				06F2D12133CD62E878CC69C3 /* Pods-HBMVVMProject.debug.xcconfig */,
				05A7EDD19B6B837B1F5E3009 /* Pods-HBMVVMProject.release.xcconfig */,
				FA14CB389AB4652B37FA22B8 /* Pods-HBMVVMProject-HBMVVMProjectTests.debug.xcconfig */,
				A0C7D3B9BED7EF1F9817AE8D /* Pods-HBMVVMProject-HBMVVMProjectTests.release.xcconfig */,
				21667C41AA03E778BB62F15C /* Pods-HBMVVMProject-HBMVVMProjectUITests.debug.xcconfig */,
				0901C78666190D643DA7A5C1 /* Pods-HBMVVMProject-HBMVVMProjectUITests.release.xcconfig */,
			);
			name = Pods;
			sourceTree = "<group>";
		};
		C5B9D17B32875809BCD56D70 /* Frameworks */ = {
			isa = PBXGroup;
			children = (
				3A5DCB9A2440C22200890C82 /* WebKit.framework */,
				E03B9A647A087C9DF24C4BFB /* libPods-HBMVVMProject.a */,
				2B45942D82D73B301B4F3299 /* libPods-HBMVVMProject-HBMVVMProjectTests.a */,
				96DCF1DE5EEF1A16678CA899 /* libPods-HBMVVMProject-HBMVVMProjectUITests.a */,
			);
			name = Frameworks;
			sourceTree = "<group>";
		};
/* End PBXGroup section */

/* Begin PBXNativeTarget section */
		3A098B7722C61BE10007F5EB /* HBMVVMProject */ = {
			isa = PBXNativeTarget;
			buildConfigurationList = 3A098BA422C61BE20007F5EB /* Build configuration list for PBXNativeTarget "HBMVVMProject" */;
			buildPhases = (
				E13E26E4E357B27D12CD2B22 /* [CP] Check Pods Manifest.lock */,
				3A098B7422C61BE10007F5EB /* Sources */,
				3A098B7522C61BE10007F5EB /* Frameworks */,
				3A098B7622C61BE10007F5EB /* Resources */,
			);
			buildRules = (
			);
			dependencies = (
			);
			name = HBMVVMProject;
			productName = HBMVVMProject;
			productReference = 3A098B7822C61BE10007F5EB /* HBMVVMProject.app */;
			productType = "com.apple.product-type.application";
		};
		3A098B8F22C61BE20007F5EB /* HBMVVMProjectTests */ = {
			isa = PBXNativeTarget;
			buildConfigurationList = 3A098BA722C61BE20007F5EB /* Build configuration list for PBXNativeTarget "HBMVVMProjectTests" */;
			buildPhases = (
				781CDE5D598FE912315F1835 /* [CP] Check Pods Manifest.lock */,
				3A098B8C22C61BE20007F5EB /* Sources */,
				3A098B8D22C61BE20007F5EB /* Frameworks */,
				3A098B8E22C61BE20007F5EB /* Resources */,
			);
			buildRules = (
			);
			dependencies = (
				3A098B9222C61BE20007F5EB /* PBXTargetDependency */,
			);
			name = HBMVVMProjectTests;
			productName = HBMVVMProjectTests;
			productReference = 3A098B9022C61BE20007F5EB /* HBMVVMProjectTests.xctest */;
			productType = "com.apple.product-type.bundle.unit-test";
		};
		3A098B9A22C61BE20007F5EB /* HBMVVMProjectUITests */ = {
			isa = PBXNativeTarget;
			buildConfigurationList = 3A098BAA22C61BE20007F5EB /* Build configuration list for PBXNativeTarget "HBMVVMProjectUITests" */;
			buildPhases = (
				748DFD19B3B8C48B60A08FE2 /* [CP] Check Pods Manifest.lock */,
				3A098B9722C61BE20007F5EB /* Sources */,
				3A098B9822C61BE20007F5EB /* Frameworks */,
				3A098B9922C61BE20007F5EB /* Resources */,
			);
			buildRules = (
			);
			dependencies = (
				3A098B9D22C61BE20007F5EB /* PBXTargetDependency */,
			);
			name = HBMVVMProjectUITests;
			productName = HBMVVMProjectUITests;
			productReference = 3A098B9B22C61BE20007F5EB /* HBMVVMProjectUITests.xctest */;
			productType = "com.apple.product-type.bundle.ui-testing";
		};
		3AD5C13E2463B80600F3B29C /* HBMVVMProject1 */ = {
			isa = PBXNativeTarget;
			buildConfigurationList = 3AD5C1792463B80600F3B29C /* Build configuration list for PBXNativeTarget "HBMVVMProject1" */;
			buildPhases = (
				3AD5C1402463B80600F3B29C /* Sources */,
				3AD5C1692463B80600F3B29C /* Frameworks */,
				3AD5C16C2463B80600F3B29C /* Resources */,
			);
			buildRules = (
			);
			dependencies = (
			);
			name = HBMVVMProject1;
			productName = HBMVVMProject;
			productReference = 3AD5C17C2463B80700F3B29C /* HBMVVMProject1.app */;
			productType = "com.apple.product-type.application";
		};
/* End PBXNativeTarget section */

/* Begin PBXProject section */
		3A098B7022C61BE10007F5EB /* Project object */ = {
			isa = PBXProject;
			attributes = {
				LastUpgradeCheck = 1010;
				ORGANIZATIONNAME = hongbao.cui;
				TargetAttributes = {
					3A098B7722C61BE10007F5EB = {
						CreatedOnToolsVersion = 10.1;
						LastSwiftMigration = 1130;
					};
					3A098B8F22C61BE20007F5EB = {
						CreatedOnToolsVersion = 10.1;
						TestTargetID = 3A098B7722C61BE10007F5EB;
					};
					3A098B9A22C61BE20007F5EB = {
						CreatedOnToolsVersion = 10.1;
						TestTargetID = 3A098B7722C61BE10007F5EB;
					};
				};
			};
			buildConfigurationList = 3A098B7322C61BE10007F5EB /* Build configuration list for PBXProject "HBMVVMProject" */;
			compatibilityVersion = "Xcode 9.3";
			developmentRegion = en;
			hasScannedForEncodings = 0;
			knownRegions = (
				en,
				Base,
			);
			mainGroup = 3A098B6F22C61BE10007F5EB;
			productRefGroup = 3A098B7922C61BE10007F5EB /* Products */;
			projectDirPath = "";
			projectRoot = "";
			targets = (
				3A098B7722C61BE10007F5EB /* HBMVVMProject */,
				3A098B8F22C61BE20007F5EB /* HBMVVMProjectTests */,
				3A098B9A22C61BE20007F5EB /* HBMVVMProjectUITests */,
				3AD5C13E2463B80600F3B29C /* HBMVVMProject1 */,
			);
		};
/* End PBXProject section */

/* Begin PBXResourcesBuildPhase section */
		3A098B7622C61BE10007F5EB /* Resources */ = {
			isa = PBXResourcesBuildPhase;
			buildActionMask = 2147483647;
			files = (
				3A27E5CB243B728800EB4C85 /* smile.jpeg in Resources */,
				3A098B8822C61BE20007F5EB /* LaunchScreen.storyboard in Resources */,
				3A27E5D3243C851900EB4C85 /* smile.png in Resources */,
				3A764F3D23B618680052B1E9 /* images.xcassets in Resources */,
				3A098B8522C61BE20007F5EB /* Assets.xcassets in Resources */,
				3A098B8322C61BE10007F5EB /* Main.storyboard in Resources */,
				3A27E5D0243C7F3000EB4C85 /* bikini.jpeg in Resources */,
				3A5DCB9D2440C7AB00890C82 /* tangyan2.jpg in Resources */,
				3A95901F23F6902100659C22 /* SimpleFragment.glsl in Resources */,
				3A95902023F6902100659C22 /* SimpleVertex.glsl in Resources */,
				3A27E5D1243C7F3000EB4C85 /* timg.jpeg in Resources */,
				3ADC09D42440BF470018D39E /* tangyan.jpg in Resources */,
			);
			runOnlyForDeploymentPostprocessing = 0;
		};
		3A098B8E22C61BE20007F5EB /* Resources */ = {
			isa = PBXResourcesBuildPhase;
			buildActionMask = 2147483647;
			files = (
			);
			runOnlyForDeploymentPostprocessing = 0;
		};
		3A098B9922C61BE20007F5EB /* Resources */ = {
			isa = PBXResourcesBuildPhase;
			buildActionMask = 2147483647;
			files = (
			);
			runOnlyForDeploymentPostprocessing = 0;
		};
		3AD5C16C2463B80600F3B29C /* Resources */ = {
			isa = PBXResourcesBuildPhase;
			buildActionMask = 2147483647;
			files = (
				3AD5C16D2463B80600F3B29C /* smile.jpeg in Resources */,
				3AD5C16E2463B80600F3B29C /* LaunchScreen.storyboard in Resources */,
				3AD5C16F2463B80600F3B29C /* smile.png in Resources */,
				3AD5C1702463B80600F3B29C /* images.xcassets in Resources */,
				3AD5C1712463B80600F3B29C /* Assets.xcassets in Resources */,
				3AD5C1722463B80600F3B29C /* Main.storyboard in Resources */,
				3AD5C1732463B80600F3B29C /* bikini.jpeg in Resources */,
				3AD5C1742463B80600F3B29C /* tangyan2.jpg in Resources */,
				3AD5C1752463B80600F3B29C /* SimpleFragment.glsl in Resources */,
				3AD5C1762463B80600F3B29C /* SimpleVertex.glsl in Resources */,
				3AD5C1772463B80600F3B29C /* timg.jpeg in Resources */,
				3AD5C1782463B80600F3B29C /* tangyan.jpg in Resources */,
			);
			runOnlyForDeploymentPostprocessing = 0;
		};
/* End PBXResourcesBuildPhase section */

/* Begin PBXShellScriptBuildPhase section */
		748DFD19B3B8C48B60A08FE2 /* [CP] Check Pods Manifest.lock */ = {
			isa = PBXShellScriptBuildPhase;
			buildActionMask = 2147483647;
			files = (
			);
			inputFileListPaths = (
			);
			inputPaths = (
				"${PODS_PODFILE_DIR_PATH}/Podfile.lock",
				"${PODS_ROOT}/Manifest.lock",
			);
			name = "[CP] Check Pods Manifest.lock";
			outputFileListPaths = (
			);
			outputPaths = (
				"$(DERIVED_FILE_DIR)/Pods-HBMVVMProject-HBMVVMProjectUITests-checkManifestLockResult.txt",
			);
			runOnlyForDeploymentPostprocessing = 0;
			shellPath = /bin/sh;
			shellScript = "diff \"${PODS_PODFILE_DIR_PATH}/Podfile.lock\" \"${PODS_ROOT}/Manifest.lock\" > /dev/null\nif [ $? != 0 ] ; then\n    # print error to STDERR\n    echo \"error: The sandbox is not in sync with the Podfile.lock. Run 'pod install' or update your CocoaPods installation.\" >&2\n    exit 1\nfi\n# This output is used by Xcode 'outputs' to avoid re-running this script phase.\necho \"SUCCESS\" > \"${SCRIPT_OUTPUT_FILE_0}\"\n";
			showEnvVarsInLog = 0;
		};
		781CDE5D598FE912315F1835 /* [CP] Check Pods Manifest.lock */ = {
			isa = PBXShellScriptBuildPhase;
			buildActionMask = 2147483647;
			files = (
			);
			inputFileListPaths = (
			);
			inputPaths = (
				"${PODS_PODFILE_DIR_PATH}/Podfile.lock",
				"${PODS_ROOT}/Manifest.lock",
			);
			name = "[CP] Check Pods Manifest.lock";
			outputFileListPaths = (
			);
			outputPaths = (
				"$(DERIVED_FILE_DIR)/Pods-HBMVVMProject-HBMVVMProjectTests-checkManifestLockResult.txt",
			);
			runOnlyForDeploymentPostprocessing = 0;
			shellPath = /bin/sh;
			shellScript = "diff \"${PODS_PODFILE_DIR_PATH}/Podfile.lock\" \"${PODS_ROOT}/Manifest.lock\" > /dev/null\nif [ $? != 0 ] ; then\n    # print error to STDERR\n    echo \"error: The sandbox is not in sync with the Podfile.lock. Run 'pod install' or update your CocoaPods installation.\" >&2\n    exit 1\nfi\n# This output is used by Xcode 'outputs' to avoid re-running this script phase.\necho \"SUCCESS\" > \"${SCRIPT_OUTPUT_FILE_0}\"\n";
			showEnvVarsInLog = 0;
		};
		E13E26E4E357B27D12CD2B22 /* [CP] Check Pods Manifest.lock */ = {
			isa = PBXShellScriptBuildPhase;
			buildActionMask = 2147483647;
			files = (
			);
			inputFileListPaths = (
			);
			inputPaths = (
				"${PODS_PODFILE_DIR_PATH}/Podfile.lock",
				"${PODS_ROOT}/Manifest.lock",
			);
			name = "[CP] Check Pods Manifest.lock";
			outputFileListPaths = (
			);
			outputPaths = (
				"$(DERIVED_FILE_DIR)/Pods-HBMVVMProject-checkManifestLockResult.txt",
			);
			runOnlyForDeploymentPostprocessing = 0;
			shellPath = /bin/sh;
			shellScript = "diff \"${PODS_PODFILE_DIR_PATH}/Podfile.lock\" \"${PODS_ROOT}/Manifest.lock\" > /dev/null\nif [ $? != 0 ] ; then\n    # print error to STDERR\n    echo \"error: The sandbox is not in sync with the Podfile.lock. Run 'pod install' or update your CocoaPods installation.\" >&2\n    exit 1\nfi\n# This output is used by Xcode 'outputs' to avoid re-running this script phase.\necho \"SUCCESS\" > \"${SCRIPT_OUTPUT_FILE_0}\"\n";
			showEnvVarsInLog = 0;
		};
/* End PBXShellScriptBuildPhase section */

/* Begin PBXSourcesBuildPhase section */
		3A098B7422C61BE10007F5EB /* Sources */ = {
			isa = PBXSourcesBuildPhase;
			buildActionMask = 2147483647;
			files = (
				3A8A379822D4A4A000F12124 /* HBNavModule.m in Sources */,
				3A8A37B422D4BCD400F12124 /* DiscoveryModule.m in Sources */,
				3ADC09D224407DFB0018D39E /* BeatyViewController.mm in Sources */,
				3AAF31622412AD67001AF56F /* HBStackForImplement.m in Sources */,
				3A8ED7DA23D943B300823321 /* JDARVRGLObject.m in Sources */,
				3A8ED7BA23D82E3A00823321 /* MoneyModule.m in Sources */,
				3AE93D80248E307100CAA7ED /* HBDrawTriangle.m in Sources */,
				3A46208D23FE9C77009A4609 /* HBGLObject.m in Sources */,
				3A8ED7D623D943B300823321 /* JDARVRVideoPlane.m in Sources */,
				3A8A37AB22D4B7DD00F12124 /* MineViewController.m in Sources */,
				3A8ED7C723D8488700823321 /* OpenGLModule.m in Sources */,
				3A46209023FEA32F009A4609 /* HBGLTool.m in Sources */,
				3ADE7C8B22CF480500B1E932 /* HBNavigationController.m in Sources */,
				3A8A37B722D4BCE000F12124 /* MineModule.m in Sources */,
				3A5FC701244DB137004AE2A6 /* HBNSLog.m in Sources */,
				3A098BB022CB5EAA0007F5EB /* HBTabBarViewController.m in Sources */,
				3A8A379F22D4B73300F12124 /* HBConstant.m in Sources */,
				3A098B8022C61BE10007F5EB /* ViewController.m in Sources */,
				3A8ED7C023D82E6700823321 /* MoreViewController.m in Sources */,
				3A8A37B122D4BCC500F12124 /* DisplayModule.m in Sources */,
				3A8ED7D823D943B300823321 /* JDARVRGLGeometry.m in Sources */,
				3A8ED7BD23D82E4F00823321 /* MoreModule.m in Sources */,
				3A8ED7C323D82E7600823321 /* MoneyViewController.m in Sources */,
				3ADC09CB243ED4770018D39E /* HBBlockViewController.m in Sources */,
				3ABFE2F4246D4D6500B013A6 /* HBDisplayViewModel.m in Sources */,
				3A8ED7DE23D94CB700823321 /* HBGLToolContext.m in Sources */,
				3A8A378F22D350A400F12124 /* HBRouterUtils.m in Sources */,
				3A8A37A222D4B7B300F12124 /* HomeViewController.mm in Sources */,
				3A8A37A522D4B7C200F12124 /* DisplayViewController.m in Sources */,
				3A098B8B22C61BE20007F5EB /* main.m in Sources */,
				3A8A37A822D4B7D100F12124 /* DiscoveryViewController.m in Sources */,
				3A46208A23FE9C3E009A4609 /* HBGLDrawTools.m in Sources */,
				3ADE7C8F22CF4BC200B1E932 /* HBRouter.m in Sources */,
				3A8A37AE22D4BCB500F12124 /* HomeModule.m in Sources */,
				3A8A37BA22D4C07100F12124 /* HBBaseViewController.m in Sources */,
				3AAF315F2412865D001AF56F /* HBOrderTools.mm in Sources */,
				3A8ED7CA23D848C300823321 /* OpenGLViewController.m in Sources */,
				3ABFE2F1246D4CF400B013A6 /* HBDisplayModel.m in Sources */,
				3A8ED7D723D943B300823321 /* JDARVRGLContext.m in Sources */,
				3A098B7D22C61BE10007F5EB /* AppDelegate.m in Sources */,
				3A06D3232455158E0066132A /* HBSFViewController.swift in Sources */,
				3A8ED7D923D943B300823321 /* JDARVRCameraRender.m in Sources */,
				3A8A379222D4813300F12124 /* HBTabBarModule.m in Sources */,
			);
			runOnlyForDeploymentPostprocessing = 0;
		};
		3A098B8C22C61BE20007F5EB /* Sources */ = {
			isa = PBXSourcesBuildPhase;
			buildActionMask = 2147483647;
			files = (
				3A098B9522C61BE20007F5EB /* HBMVVMProjectTests.m in Sources */,
			);
			runOnlyForDeploymentPostprocessing = 0;
		};
		3A098B9722C61BE20007F5EB /* Sources */ = {
			isa = PBXSourcesBuildPhase;
			buildActionMask = 2147483647;
			files = (
				3A098BA022C61BE20007F5EB /* HBMVVMProjectUITests.m in Sources */,
			);
			runOnlyForDeploymentPostprocessing = 0;
		};
		3AD5C1402463B80600F3B29C /* Sources */ = {
			isa = PBXSourcesBuildPhase;
			buildActionMask = 2147483647;
			files = (
				3AD5C1412463B80600F3B29C /* HBNavModule.m in Sources */,
				3AD5C1422463B80600F3B29C /* DiscoveryModule.m in Sources */,
				3AD5C1432463B80600F3B29C /* BeatyViewController.mm in Sources */,
				3AD5C1442463B80600F3B29C /* HBStackForImplement.m in Sources */,
				3AD5C1452463B80600F3B29C /* JDARVRGLObject.m in Sources */,
				3AD5C1462463B80600F3B29C /* MoneyModule.m in Sources */,
				3AD5C1472463B80600F3B29C /* HBGLObject.m in Sources */,
				3AD5C1482463B80600F3B29C /* JDARVRVideoPlane.m in Sources */,
				3AD5C1492463B80600F3B29C /* MineViewController.m in Sources */,
				3AD5C14A2463B80600F3B29C /* OpenGLModule.m in Sources */,
				3AD5C14B2463B80600F3B29C /* HBGLTool.m in Sources */,
				3AD5C14C2463B80600F3B29C /* HBNavigationController.m in Sources */,
				3AD5C14D2463B80600F3B29C /* MineModule.m in Sources */,
				3AD5C14E2463B80600F3B29C /* HBNSLog.m in Sources */,
				3AD5C14F2463B80600F3B29C /* HBTabBarViewController.m in Sources */,
				3AD5C1502463B80600F3B29C /* HBConstant.m in Sources */,
				3AD5C1512463B80600F3B29C /* ViewController.m in Sources */,
				3AD5C1522463B80600F3B29C /* MoreViewController.m in Sources */,
				3AD5C1532463B80600F3B29C /* DisplayModule.m in Sources */,
				3AD5C1542463B80600F3B29C /* JDARVRGLGeometry.m in Sources */,
				3AD5C1552463B80600F3B29C /* MoreModule.m in Sources */,
				3AD5C1562463B80600F3B29C /* MoneyViewController.m in Sources */,
				3AD5C1572463B80600F3B29C /* HBBlockViewController.m in Sources */,
				3AD5C1582463B80600F3B29C /* HBGLToolContext.m in Sources */,
				3AD5C1592463B80600F3B29C /* HBRouterUtils.m in Sources */,
				3AD5C15A2463B80600F3B29C /* HomeViewController.mm in Sources */,
				3AD5C15B2463B80600F3B29C /* DisplayViewController.m in Sources */,
				3AD5C15C2463B80600F3B29C /* main.m in Sources */,
				3AD5C15D2463B80600F3B29C /* DiscoveryViewController.m in Sources */,
				3AD5C15E2463B80600F3B29C /* HBGLDrawTools.m in Sources */,
				3AD5C15F2463B80600F3B29C /* HBRouter.m in Sources */,
				3AD5C1602463B80600F3B29C /* HomeModule.m in Sources */,
				3AD5C1612463B80600F3B29C /* HBBaseViewController.m in Sources */,
				3AD5C1622463B80600F3B29C /* HBOrderTools.mm in Sources */,
				3AD5C1632463B80600F3B29C /* OpenGLViewController.m in Sources */,
				3AD5C1642463B80600F3B29C /* JDARVRGLContext.m in Sources */,
				3AD5C1652463B80600F3B29C /* AppDelegate.m in Sources */,
				3AD5C1662463B80600F3B29C /* HBSFViewController.swift in Sources */,
				3AD5C1672463B80600F3B29C /* JDARVRCameraRender.m in Sources */,
				3AD5C1682463B80600F3B29C /* HBTabBarModule.m in Sources */,
			);
			runOnlyForDeploymentPostprocessing = 0;
		};
/* End PBXSourcesBuildPhase section */

/* Begin PBXTargetDependency section */
		3A098B9222C61BE20007F5EB /* PBXTargetDependency */ = {
			isa = PBXTargetDependency;
			target = 3A098B7722C61BE10007F5EB /* HBMVVMProject */;
			targetProxy = 3A098B9122C61BE20007F5EB /* PBXContainerItemProxy */;
		};
		3A098B9D22C61BE20007F5EB /* PBXTargetDependency */ = {
			isa = PBXTargetDependency;
			target = 3A098B7722C61BE10007F5EB /* HBMVVMProject */;
			targetProxy = 3A098B9C22C61BE20007F5EB /* PBXContainerItemProxy */;
		};
/* End PBXTargetDependency section */

/* Begin PBXVariantGroup section */
		3A098B8122C61BE10007F5EB /* Main.storyboard */ = {
			isa = PBXVariantGroup;
			children = (
				3A098B8222C61BE10007F5EB /* Base */,
			);
			name = Main.storyboard;
			sourceTree = "<group>";
		};
		3A098B8622C61BE20007F5EB /* LaunchScreen.storyboard */ = {
			isa = PBXVariantGroup;
			children = (
				3A098B8722C61BE20007F5EB /* Base */,
			);
			name = LaunchScreen.storyboard;
			sourceTree = "<group>";
		};
/* End PBXVariantGroup section */

/* Begin XCBuildConfiguration section */
		3A098BA222C61BE20007F5EB /* Debug */ = {
			isa = XCBuildConfiguration;
			buildSettings = {
				ALWAYS_SEARCH_USER_PATHS = NO;
				CLANG_ANALYZER_NONNULL = YES;
				CLANG_ANALYZER_NUMBER_OBJECT_CONVERSION = YES_AGGRESSIVE;
				CLANG_CXX_LANGUAGE_STANDARD = "gnu++14";
				CLANG_CXX_LIBRARY = "libc++";
				CLANG_ENABLE_MODULES = YES;
				CLANG_ENABLE_OBJC_ARC = YES;
				CLANG_ENABLE_OBJC_WEAK = YES;
				CLANG_WARN_BLOCK_CAPTURE_AUTORELEASING = YES;
				CLANG_WARN_BOOL_CONVERSION = YES;
				CLANG_WARN_COMMA = YES;
				CLANG_WARN_CONSTANT_CONVERSION = YES;
				CLANG_WARN_DEPRECATED_OBJC_IMPLEMENTATIONS = YES;
				CLANG_WARN_DIRECT_OBJC_ISA_USAGE = YES_ERROR;
				CLANG_WARN_DOCUMENTATION_COMMENTS = YES;
				CLANG_WARN_EMPTY_BODY = YES;
				CLANG_WARN_ENUM_CONVERSION = YES;
				CLANG_WARN_INFINITE_RECURSION = YES;
				CLANG_WARN_INT_CONVERSION = YES;
				CLANG_WARN_NON_LITERAL_NULL_CONVERSION = YES;
				CLANG_WARN_OBJC_IMPLICIT_RETAIN_SELF = YES;
				CLANG_WARN_OBJC_LITERAL_CONVERSION = YES;
				CLANG_WARN_OBJC_ROOT_CLASS = YES_ERROR;
				CLANG_WARN_RANGE_LOOP_ANALYSIS = YES;
				CLANG_WARN_STRICT_PROTOTYPES = YES;
				CLANG_WARN_SUSPICIOUS_MOVE = YES;
				CLANG_WARN_UNGUARDED_AVAILABILITY = YES_AGGRESSIVE;
				CLANG_WARN_UNREACHABLE_CODE = YES;
				CLANG_WARN__DUPLICATE_METHOD_MATCH = YES;
				CODE_SIGN_IDENTITY = "iPhone Developer";
				COPY_PHASE_STRIP = NO;
				DEBUG_INFORMATION_FORMAT = dwarf;
				ENABLE_STRICT_OBJC_MSGSEND = YES;
				ENABLE_TESTABILITY = YES;
				GCC_C_LANGUAGE_STANDARD = gnu11;
				GCC_DYNAMIC_NO_PIC = NO;
				GCC_NO_COMMON_BLOCKS = YES;
				GCC_OPTIMIZATION_LEVEL = 0;
				GCC_PREPROCESSOR_DEFINITIONS = (
					"DEBUG=1",
					"$(inherited)",
				);
				GCC_WARN_64_TO_32_BIT_CONVERSION = YES;
				GCC_WARN_ABOUT_RETURN_TYPE = YES_ERROR;
				GCC_WARN_UNDECLARED_SELECTOR = YES;
				GCC_WARN_UNINITIALIZED_AUTOS = YES_AGGRESSIVE;
				GCC_WARN_UNUSED_FUNCTION = YES;
				GCC_WARN_UNUSED_VARIABLE = YES;
				IPHONEOS_DEPLOYMENT_TARGET = 12.1;
				MTL_ENABLE_DEBUG_INFO = INCLUDE_SOURCE;
				MTL_FAST_MATH = YES;
				ONLY_ACTIVE_ARCH = YES;
				SDKROOT = iphoneos;
			};
			name = Debug;
		};
		3A098BA322C61BE20007F5EB /* Release */ = {
			isa = XCBuildConfiguration;
			buildSettings = {
				ALWAYS_SEARCH_USER_PATHS = NO;
				CLANG_ANALYZER_NONNULL = YES;
				CLANG_ANALYZER_NUMBER_OBJECT_CONVERSION = YES_AGGRESSIVE;
				CLANG_CXX_LANGUAGE_STANDARD = "gnu++14";
				CLANG_CXX_LIBRARY = "libc++";
				CLANG_ENABLE_MODULES = YES;
				CLANG_ENABLE_OBJC_ARC = YES;
				CLANG_ENABLE_OBJC_WEAK = YES;
				CLANG_WARN_BLOCK_CAPTURE_AUTORELEASING = YES;
				CLANG_WARN_BOOL_CONVERSION = YES;
				CLANG_WARN_COMMA = YES;
				CLANG_WARN_CONSTANT_CONVERSION = YES;
				CLANG_WARN_DEPRECATED_OBJC_IMPLEMENTATIONS = YES;
				CLANG_WARN_DIRECT_OBJC_ISA_USAGE = YES_ERROR;
				CLANG_WARN_DOCUMENTATION_COMMENTS = YES;
				CLANG_WARN_EMPTY_BODY = YES;
				CLANG_WARN_ENUM_CONVERSION = YES;
				CLANG_WARN_INFINITE_RECURSION = YES;
				CLANG_WARN_INT_CONVERSION = YES;
				CLANG_WARN_NON_LITERAL_NULL_CONVERSION = YES;
				CLANG_WARN_OBJC_IMPLICIT_RETAIN_SELF = YES;
				CLANG_WARN_OBJC_LITERAL_CONVERSION = YES;
				CLANG_WARN_OBJC_ROOT_CLASS = YES_ERROR;
				CLANG_WARN_RANGE_LOOP_ANALYSIS = YES;
				CLANG_WARN_STRICT_PROTOTYPES = YES;
				CLANG_WARN_SUSPICIOUS_MOVE = YES;
				CLANG_WARN_UNGUARDED_AVAILABILITY = YES_AGGRESSIVE;
				CLANG_WARN_UNREACHABLE_CODE = YES;
				CLANG_WARN__DUPLICATE_METHOD_MATCH = YES;
				CODE_SIGN_IDENTITY = "iPhone Developer";
				COPY_PHASE_STRIP = NO;
				DEBUG_INFORMATION_FORMAT = "dwarf-with-dsym";
				ENABLE_NS_ASSERTIONS = NO;
				ENABLE_STRICT_OBJC_MSGSEND = YES;
				GCC_C_LANGUAGE_STANDARD = gnu11;
				GCC_NO_COMMON_BLOCKS = YES;
				GCC_WARN_64_TO_32_BIT_CONVERSION = YES;
				GCC_WARN_ABOUT_RETURN_TYPE = YES_ERROR;
				GCC_WARN_UNDECLARED_SELECTOR = YES;
				GCC_WARN_UNINITIALIZED_AUTOS = YES_AGGRESSIVE;
				GCC_WARN_UNUSED_FUNCTION = YES;
				GCC_WARN_UNUSED_VARIABLE = YES;
				IPHONEOS_DEPLOYMENT_TARGET = 12.1;
				MTL_ENABLE_DEBUG_INFO = NO;
				MTL_FAST_MATH = YES;
				SDKROOT = iphoneos;
				VALIDATE_PRODUCT = YES;
			};
			name = Release;
		};
		3A098BA522C61BE20007F5EB /* Debug */ = {
			isa = XCBuildConfiguration;
			baseConfigurationReference = 06F2D12133CD62E878CC69C3 /* Pods-HBMVVMProject.debug.xcconfig */;
			buildSettings = {
				ASSETCATALOG_COMPILER_APPICON_NAME = AppIcon;
				CLANG_ENABLE_MODULES = YES;
				CODE_SIGN_IDENTITY = "iPhone Developer";
				CODE_SIGN_STYLE = Manual;
				DEFINES_MODULE = NO;
				DEVELOPMENT_TEAM = MWX7M7ABA2;
				HEADER_SEARCH_PATHS = (
					"$(inherited)",
					"\"${PODS_ROOT}/Headers/Public\"",
					"\"${PODS_ROOT}/Headers/Public/AFNetworking\"",
					"\"${PODS_ROOT}/Headers/Public/JLRoutes\"",
					"\"${PODS_ROOT}/Headers/Public/Masonry\"",
					"\"${PODS_ROOT}/Headers/Public/OpenCV\"/**",
					"\"${PODS_ROOT}/Headers/Public/ReactiveObjC\"",
					"\"${PODS_ROOT}/Headers/Public/SDRouter\"",
					"\"${PODS_ROOT}/Headers/Public/SDWebImage\"",
					"\"${PODS_ROOT}/Headers/Public/SDWebImageWebPCoder\"",
					"\"${PODS_ROOT}/Headers/Public/SDWebImageYYPlugin\"",
					"\"${PODS_ROOT}/Headers/Public/YYAsyncLayer\"",
					"\"${PODS_ROOT}/Headers/Public/YYCache\"",
					"\"${PODS_ROOT}/Headers/Public/YYCategories\"",
					"\"${PODS_ROOT}/Headers/Public/YYDispatchQueuePool\"",
					"\"${PODS_ROOT}/Headers/Public/YYImage\"",
					"\"${PODS_ROOT}/Headers/Public/YYKeyboardManager\"",
					"\"${PODS_ROOT}/Headers/Public/YYModel\"",
					"\"${PODS_ROOT}/Headers/Public/YYText\"",
					"\"${PODS_ROOT}/Headers/Public/YYWebImage\"",
					"\"${PODS_ROOT}/Headers/Public/libwebp\"",
				);
				INFOPLIST_FILE = HBMVVMProject/Info.plist;
				IPHONEOS_DEPLOYMENT_TARGET = 11.0;
				LD_RUNPATH_SEARCH_PATHS = (
					"$(inherited)",
					"@executable_path/Frameworks",
				);
				LLVM_LTO = NO;
				PRODUCT_BUNDLE_IDENTIFIER = com.sunny.karry.HBMVVMProject;
				PRODUCT_NAME = "$(TARGET_NAME)";
				PROVISIONING_PROFILE_SPECIFIER = ARVR_Dev;
				SWIFT_OBJC_BRIDGING_HEADER = "HBMVVMProject/Home/HBMVVMProject-Bridging-Header.h";
				SWIFT_OPTIMIZATION_LEVEL = "-Onone";
				SWIFT_VERSION = 5.0;
				TARGETED_DEVICE_FAMILY = "1,2";
			};
			name = Debug;
		};
		3A098BA622C61BE20007F5EB /* Release */ = {
			isa = XCBuildConfiguration;
			baseConfigurationReference = 05A7EDD19B6B837B1F5E3009 /* Pods-HBMVVMProject.release.xcconfig */;
			buildSettings = {
				ASSETCATALOG_COMPILER_APPICON_NAME = AppIcon;
				CLANG_ENABLE_MODULES = YES;
				CODE_SIGN_IDENTITY = "iPhone Developer";
				CODE_SIGN_STYLE = Manual;
				DEFINES_MODULE = NO;
				DEVELOPMENT_TEAM = MWX7M7ABA2;
				HEADER_SEARCH_PATHS = (
					"$(inherited)",
					"\"${PODS_ROOT}/Headers/Public\"",
					"\"${PODS_ROOT}/Headers/Public/AFNetworking\"",
					"\"${PODS_ROOT}/Headers/Public/JLRoutes\"",
					"\"${PODS_ROOT}/Headers/Public/Masonry\"",
					"\"${PODS_ROOT}/Headers/Public/OpenCV\"/**",
					"\"${PODS_ROOT}/Headers/Public/ReactiveObjC\"",
					"\"${PODS_ROOT}/Headers/Public/SDRouter\"",
					"\"${PODS_ROOT}/Headers/Public/SDWebImage\"",
					"\"${PODS_ROOT}/Headers/Public/SDWebImageWebPCoder\"",
					"\"${PODS_ROOT}/Headers/Public/SDWebImageYYPlugin\"",
					"\"${PODS_ROOT}/Headers/Public/YYAsyncLayer\"",
					"\"${PODS_ROOT}/Headers/Public/YYCache\"",
					"\"${PODS_ROOT}/Headers/Public/YYCategories\"",
					"\"${PODS_ROOT}/Headers/Public/YYDispatchQueuePool\"",
					"\"${PODS_ROOT}/Headers/Public/YYImage\"",
					"\"${PODS_ROOT}/Headers/Public/YYKeyboardManager\"",
					"\"${PODS_ROOT}/Headers/Public/YYModel\"",
					"\"${PODS_ROOT}/Headers/Public/YYText\"",
					"\"${PODS_ROOT}/Headers/Public/YYWebImage\"",
					"\"${PODS_ROOT}/Headers/Public/libwebp\"",
				);
				INFOPLIST_FILE = HBMVVMProject/Info.plist;
				IPHONEOS_DEPLOYMENT_TARGET = 11.0;
				LD_RUNPATH_SEARCH_PATHS = (
					"$(inherited)",
					"@executable_path/Frameworks",
				);
				LLVM_LTO = NO;
				PRODUCT_BUNDLE_IDENTIFIER = com.sunny.karry.HBMVVMProject;
				PRODUCT_NAME = "$(TARGET_NAME)";
				PROVISIONING_PROFILE_SPECIFIER = ARVR_Dev;
				SWIFT_OBJC_BRIDGING_HEADER = "HBMVVMProject/Home/HBMVVMProject-Bridging-Header.h";
				SWIFT_VERSION = 5.0;
				TARGETED_DEVICE_FAMILY = "1,2";
			};
			name = Release;
		};
		3A098BA822C61BE20007F5EB /* Debug */ = {
			isa = XCBuildConfiguration;
			baseConfigurationReference = FA14CB389AB4652B37FA22B8 /* Pods-HBMVVMProject-HBMVVMProjectTests.debug.xcconfig */;
			buildSettings = {
				ALWAYS_EMBED_SWIFT_STANDARD_LIBRARIES = YES;
				BUNDLE_LOADER = "$(TEST_HOST)";
				CODE_SIGN_STYLE = Automatic;
				INFOPLIST_FILE = HBMVVMProjectTests/Info.plist;
				LD_RUNPATH_SEARCH_PATHS = (
					"$(inherited)",
					"@executable_path/Frameworks",
					"@loader_path/Frameworks",
				);
				PRODUCT_BUNDLE_IDENTIFIER = com.360buy.jd.HBMVVMProjectTests;
				PRODUCT_NAME = "$(TARGET_NAME)";
				TARGETED_DEVICE_FAMILY = "1,2";
				TEST_HOST = "$(BUILT_PRODUCTS_DIR)/HBMVVMProject.app/HBMVVMProject";
			};
			name = Debug;
		};
		3A098BA922C61BE20007F5EB /* Release */ = {
			isa = XCBuildConfiguration;
			baseConfigurationReference = A0C7D3B9BED7EF1F9817AE8D /* Pods-HBMVVMProject-HBMVVMProjectTests.release.xcconfig */;
			buildSettings = {
				ALWAYS_EMBED_SWIFT_STANDARD_LIBRARIES = YES;
				BUNDLE_LOADER = "$(TEST_HOST)";
				CODE_SIGN_STYLE = Automatic;
				INFOPLIST_FILE = HBMVVMProjectTests/Info.plist;
				LD_RUNPATH_SEARCH_PATHS = (
					"$(inherited)",
					"@executable_path/Frameworks",
					"@loader_path/Frameworks",
				);
				PRODUCT_BUNDLE_IDENTIFIER = com.360buy.jd.HBMVVMProjectTests;
				PRODUCT_NAME = "$(TARGET_NAME)";
				TARGETED_DEVICE_FAMILY = "1,2";
				TEST_HOST = "$(BUILT_PRODUCTS_DIR)/HBMVVMProject.app/HBMVVMProject";
			};
			name = Release;
		};
		3A098BAB22C61BE20007F5EB /* Debug */ = {
			isa = XCBuildConfiguration;
			baseConfigurationReference = 21667C41AA03E778BB62F15C /* Pods-HBMVVMProject-HBMVVMProjectUITests.debug.xcconfig */;
			buildSettings = {
				ALWAYS_EMBED_SWIFT_STANDARD_LIBRARIES = YES;
				CODE_SIGN_STYLE = Automatic;
				INFOPLIST_FILE = HBMVVMProjectUITests/Info.plist;
				LD_RUNPATH_SEARCH_PATHS = (
					"$(inherited)",
					"@executable_path/Frameworks",
					"@loader_path/Frameworks",
				);
				PRODUCT_BUNDLE_IDENTIFIER = com.360buy.jd.HBMVVMProjectUITests;
				PRODUCT_NAME = "$(TARGET_NAME)";
				TARGETED_DEVICE_FAMILY = "1,2";
				TEST_TARGET_NAME = HBMVVMProject;
			};
			name = Debug;
		};
		3A098BAC22C61BE20007F5EB /* Release */ = {
			isa = XCBuildConfiguration;
			baseConfigurationReference = 0901C78666190D643DA7A5C1 /* Pods-HBMVVMProject-HBMVVMProjectUITests.release.xcconfig */;
			buildSettings = {
				ALWAYS_EMBED_SWIFT_STANDARD_LIBRARIES = YES;
				CODE_SIGN_STYLE = Automatic;
				INFOPLIST_FILE = HBMVVMProjectUITests/Info.plist;
				LD_RUNPATH_SEARCH_PATHS = (
					"$(inherited)",
					"@executable_path/Frameworks",
					"@loader_path/Frameworks",
				);
				PRODUCT_BUNDLE_IDENTIFIER = com.360buy.jd.HBMVVMProjectUITests;
				PRODUCT_NAME = "$(TARGET_NAME)";
				TARGETED_DEVICE_FAMILY = "1,2";
				TEST_TARGET_NAME = HBMVVMProject;
			};
			name = Release;
		};
		3AD5C17A2463B80600F3B29C /* Debug */ = {
			isa = XCBuildConfiguration;
			buildSettings = {
				ASSETCATALOG_COMPILER_APPICON_NAME = AppIcon;
				CLANG_ENABLE_MODULES = YES;
				CODE_SIGN_IDENTITY = "iPhone Developer";
				CODE_SIGN_STYLE = Manual;
				DEFINES_MODULE = NO;
				DEVELOPMENT_TEAM = MWX7M7ABA2;
				HEADER_SEARCH_PATHS = (
					"$(inherited)",
					"\"${PODS_ROOT}/Headers/Public\"",
					"\"${PODS_ROOT}/Headers/Public/AFNetworking\"",
					"\"${PODS_ROOT}/Headers/Public/JLRoutes\"",
					"\"${PODS_ROOT}/Headers/Public/Masonry\"",
					"\"${PODS_ROOT}/Headers/Public/OpenCV\"/**",
					"\"${PODS_ROOT}/Headers/Public/ReactiveObjC\"",
					"\"${PODS_ROOT}/Headers/Public/SDRouter\"",
					"\"${PODS_ROOT}/Headers/Public/SDWebImage\"",
					"\"${PODS_ROOT}/Headers/Public/SDWebImageWebPCoder\"",
					"\"${PODS_ROOT}/Headers/Public/SDWebImageYYPlugin\"",
					"\"${PODS_ROOT}/Headers/Public/YYAsyncLayer\"",
					"\"${PODS_ROOT}/Headers/Public/YYCache\"",
					"\"${PODS_ROOT}/Headers/Public/YYCategories\"",
					"\"${PODS_ROOT}/Headers/Public/YYDispatchQueuePool\"",
					"\"${PODS_ROOT}/Headers/Public/YYImage\"",
					"\"${PODS_ROOT}/Headers/Public/YYKeyboardManager\"",
					"\"${PODS_ROOT}/Headers/Public/YYModel\"",
					"\"${PODS_ROOT}/Headers/Public/YYText\"",
					"\"${PODS_ROOT}/Headers/Public/YYWebImage\"",
					"\"${PODS_ROOT}/Headers/Public/libwebp\"",
				);
				INFOPLIST_FILE = "HBMVVMProject copy-Info.plist";
				IPHONEOS_DEPLOYMENT_TARGET = 11.0;
				LD_RUNPATH_SEARCH_PATHS = (
					"$(inherited)",
					"@executable_path/Frameworks",
				);
				LLVM_LTO = NO;
				PRODUCT_BUNDLE_IDENTIFIER = com.sunny.karry.HBMVVMProject;
				PRODUCT_NAME = "$(TARGET_NAME)";
				PROVISIONING_PROFILE_SPECIFIER = ARVR_Dev;
				SWIFT_OBJC_BRIDGING_HEADER = "HBMVVMProject/Home/HBMVVMProject-Bridging-Header.h";
				SWIFT_OPTIMIZATION_LEVEL = "-Onone";
				SWIFT_VERSION = 5.0;
				TARGETED_DEVICE_FAMILY = "1,2";
			};
			name = Debug;
		};
		3AD5C17B2463B80600F3B29C /* Release */ = {
			isa = XCBuildConfiguration;
			buildSettings = {
				ASSETCATALOG_COMPILER_APPICON_NAME = AppIcon;
				CLANG_ENABLE_MODULES = YES;
				CODE_SIGN_IDENTITY = "iPhone Developer";
				CODE_SIGN_STYLE = Manual;
				DEFINES_MODULE = NO;
				DEVELOPMENT_TEAM = MWX7M7ABA2;
				HEADER_SEARCH_PATHS = (
					"$(inherited)",
					"\"${PODS_ROOT}/Headers/Public\"",
					"\"${PODS_ROOT}/Headers/Public/AFNetworking\"",
					"\"${PODS_ROOT}/Headers/Public/JLRoutes\"",
					"\"${PODS_ROOT}/Headers/Public/Masonry\"",
					"\"${PODS_ROOT}/Headers/Public/OpenCV\"/**",
					"\"${PODS_ROOT}/Headers/Public/ReactiveObjC\"",
					"\"${PODS_ROOT}/Headers/Public/SDRouter\"",
					"\"${PODS_ROOT}/Headers/Public/SDWebImage\"",
					"\"${PODS_ROOT}/Headers/Public/SDWebImageWebPCoder\"",
					"\"${PODS_ROOT}/Headers/Public/SDWebImageYYPlugin\"",
					"\"${PODS_ROOT}/Headers/Public/YYAsyncLayer\"",
					"\"${PODS_ROOT}/Headers/Public/YYCache\"",
					"\"${PODS_ROOT}/Headers/Public/YYCategories\"",
					"\"${PODS_ROOT}/Headers/Public/YYDispatchQueuePool\"",
					"\"${PODS_ROOT}/Headers/Public/YYImage\"",
					"\"${PODS_ROOT}/Headers/Public/YYKeyboardManager\"",
					"\"${PODS_ROOT}/Headers/Public/YYModel\"",
					"\"${PODS_ROOT}/Headers/Public/YYText\"",
					"\"${PODS_ROOT}/Headers/Public/YYWebImage\"",
					"\"${PODS_ROOT}/Headers/Public/libwebp\"",
				);
				INFOPLIST_FILE = "HBMVVMProject copy-Info.plist";
				IPHONEOS_DEPLOYMENT_TARGET = 11.0;
				LD_RUNPATH_SEARCH_PATHS = (
					"$(inherited)",
					"@executable_path/Frameworks",
				);
				LLVM_LTO = NO;
				PRODUCT_BUNDLE_IDENTIFIER = com.sunny.karry.HBMVVMProject;
				PRODUCT_NAME = "$(TARGET_NAME)";
				PROVISIONING_PROFILE_SPECIFIER = ARVR_Dev;
				SWIFT_OBJC_BRIDGING_HEADER = "HBMVVMProject/Home/HBMVVMProject-Bridging-Header.h";
				SWIFT_VERSION = 5.0;
				TARGETED_DEVICE_FAMILY = "1,2";
			};
			name = Release;
		};
/* End XCBuildConfiguration section */

/* Begin XCConfigurationList section */
		3A098B7322C61BE10007F5EB /* Build configuration list for PBXProject "HBMVVMProject" */ = {
			isa = XCConfigurationList;
			buildConfigurations = (
				3A098BA222C61BE20007F5EB /* Debug */,
				3A098BA322C61BE20007F5EB /* Release */,
			);
			defaultConfigurationIsVisible = 0;
			defaultConfigurationName = Release;
		};
		3A098BA422C61BE20007F5EB /* Build configuration list for PBXNativeTarget "HBMVVMProject" */ = {
			isa = XCConfigurationList;
			buildConfigurations = (
				3A098BA522C61BE20007F5EB /* Debug */,
				3A098BA622C61BE20007F5EB /* Release */,
			);
			defaultConfigurationIsVisible = 0;
			defaultConfigurationName = Release;
		};
		3A098BA722C61BE20007F5EB /* Build configuration list for PBXNativeTarget "HBMVVMProjectTests" */ = {
			isa = XCConfigurationList;
			buildConfigurations = (
				3A098BA822C61BE20007F5EB /* Debug */,
				3A098BA922C61BE20007F5EB /* Release */,
			);
			defaultConfigurationIsVisible = 0;
			defaultConfigurationName = Release;
		};
		3A098BAA22C61BE20007F5EB /* Build configuration list for PBXNativeTarget "HBMVVMProjectUITests" */ = {
			isa = XCConfigurationList;
			buildConfigurations = (
				3A098BAB22C61BE20007F5EB /* Debug */,
				3A098BAC22C61BE20007F5EB /* Release */,
			);
			defaultConfigurationIsVisible = 0;
			defaultConfigurationName = Release;
		};
		3AD5C1792463B80600F3B29C /* Build configuration list for PBXNativeTarget "HBMVVMProject1" */ = {
			isa = XCConfigurationList;
			buildConfigurations = (
				3AD5C17A2463B80600F3B29C /* Debug */,
				3AD5C17B2463B80600F3B29C /* Release */,
			);
			defaultConfigurationIsVisible = 0;
			defaultConfigurationName = Release;
		};
/* End XCConfigurationList section */
	};
	rootObject = 3A098B7022C61BE10007F5EB /* Project object */;
}
