// !$*UTF8*$!
{
	archiveVersion = 1;
	classes = {
	};
	objectVersion = 50;
	objects = {

/* Begin PBXBuildFile section */
		3A098B7D22C61BE10007F5EB /* AppDelegate.m in Sources */ = {isa = PBXBuildFile; fileRef = 3A098B7C22C61BE10007F5EB /* AppDelegate.m */; };
		3A098B8022C61BE10007F5EB /* ViewController.m in Sources */ = {isa = PBXBuildFile; fileRef = 3A098B7F22C61BE10007F5EB /* ViewController.m */; };
		3A098B8322C61BE10007F5EB /* Main.storyboard in Resources */ = {isa = PBXBuildFile; fileRef = 3A098B8122C61BE10007F5EB /* Main.storyboard */; };
		3A098B8522C61BE20007F5EB /* Assets.xcassets in Resources */ = {isa = PBXBuildFile; fileRef = 3A098B8422C61BE20007F5EB /* Assets.xcassets */; };
		3A098B8822C61BE20007F5EB /* LaunchScreen.storyboard in Resources */ = {isa = PBXBuildFile; fileRef = 3A098B8622C61BE20007F5EB /* LaunchScreen.storyboard */; };
		3A098B8B22C61BE20007F5EB /* main.m in Sources */ = {isa = PBXBuildFile; fileRef = 3A098B8A22C61BE20007F5EB /* main.m */; };
		3A098B9522C61BE20007F5EB /* HBMVVMProjectTests.m in Sources */ = {isa = PBXBuildFile; fileRef = 3A098B9422C61BE20007F5EB /* HBMVVMProjectTests.m */; };
		3A098BA022C61BE20007F5EB /* HBMVVMProjectUITests.m in Sources */ = {isa = PBXBuildFile; fileRef = 3A098B9F22C61BE20007F5EB /* HBMVVMProjectUITests.m */; };
		3A098BB022CB5EAA0007F5EB /* HBTabBarViewController.m in Sources */ = {isa = PBXBuildFile; fileRef = 3A098BAF22CB5EAA0007F5EB /* HBTabBarViewController.m */; };
		3A8A378F22D350A400F12124 /* HBRouterUtils.m in Sources */ = {isa = PBXBuildFile; fileRef = 3A8A378E22D350A400F12124 /* HBRouterUtils.m */; };
		3A8A379222D4813300F12124 /* HBTabBarModule.m in Sources */ = {isa = PBXBuildFile; fileRef = 3A8A379122D4813300F12124 /* HBTabBarModule.m */; };
		3A8A379822D4A4A000F12124 /* HBNavModule.m in Sources */ = {isa = PBXBuildFile; fileRef = 3A8A379722D4A49F00F12124 /* HBNavModule.m */; };
		3A8A379F22D4B73300F12124 /* HBConstant.m in Sources */ = {isa = PBXBuildFile; fileRef = 3A8A379E22D4B73300F12124 /* HBConstant.m */; };
		3A8A37A222D4B7B300F12124 /* HomeViewController.m in Sources */ = {isa = PBXBuildFile; fileRef = 3A8A37A122D4B7B300F12124 /* HomeViewController.m */; };
		3A8A37A522D4B7C200F12124 /* DisplayViewController.m in Sources */ = {isa = PBXBuildFile; fileRef = 3A8A37A422D4B7C200F12124 /* DisplayViewController.m */; };
		3A8A37A822D4B7D100F12124 /* DiscoveryViewController.m in Sources */ = {isa = PBXBuildFile; fileRef = 3A8A37A722D4B7D100F12124 /* DiscoveryViewController.m */; };
		3A8A37AB22D4B7DD00F12124 /* MineViewController.m in Sources */ = {isa = PBXBuildFile; fileRef = 3A8A37AA22D4B7DD00F12124 /* MineViewController.m */; };
		3A8A37AE22D4BCB500F12124 /* HomeModule.m in Sources */ = {isa = PBXBuildFile; fileRef = 3A8A37AD22D4BCB500F12124 /* HomeModule.m */; };
		3A8A37B122D4BCC500F12124 /* DisplayModule.m in Sources */ = {isa = PBXBuildFile; fileRef = 3A8A37B022D4BCC500F12124 /* DisplayModule.m */; };
		3A8A37B422D4BCD400F12124 /* DiscoveryModule.m in Sources */ = {isa = PBXBuildFile; fileRef = 3A8A37B322D4BCD400F12124 /* DiscoveryModule.m */; };
		3A8A37B722D4BCE000F12124 /* MineModule.m in Sources */ = {isa = PBXBuildFile; fileRef = 3A8A37B622D4BCE000F12124 /* MineModule.m */; };
		3A8A37BA22D4C07100F12124 /* HBBaseViewController.m in Sources */ = {isa = PBXBuildFile; fileRef = 3A8A37B922D4C07100F12124 /* HBBaseViewController.m */; };
		3ADE7C8B22CF480500B1E932 /* HBNavigationController.m in Sources */ = {isa = PBXBuildFile; fileRef = 3ADE7C8A22CF480500B1E932 /* HBNavigationController.m */; };
		3ADE7C8F22CF4BC200B1E932 /* HBRouter.m in Sources */ = {isa = PBXBuildFile; fileRef = 3ADE7C8E22CF4BC200B1E932 /* HBRouter.m */; };
		B447ACDD7F67F8288060148D /* libPods-HBMVVMProject.a in Frameworks */ = {isa = PBXBuildFile; fileRef = E03B9A647A087C9DF24C4BFB /* libPods-HBMVVMProject.a */; };
/* End PBXBuildFile section */

/* Begin PBXContainerItemProxy section */
		3A098B9122C61BE20007F5EB /* PBXContainerItemProxy */ = {
			isa = PBXContainerItemProxy;
			containerPortal = 3A098B7022C61BE10007F5EB /* Project object */;
			proxyType = 1;
			remoteGlobalIDString = 3A098B7722C61BE10007F5EB;
			remoteInfo = HBMVVMProject;
		};
		3A098B9C22C61BE20007F5EB /* PBXContainerItemProxy */ = {
			isa = PBXContainerItemProxy;
			containerPortal = 3A098B7022C61BE10007F5EB /* Project object */;
			proxyType = 1;
			remoteGlobalIDString = 3A098B7722C61BE10007F5EB;
			remoteInfo = HBMVVMProject;
		};
/* End PBXContainerItemProxy section */

/* Begin PBXFileReference section */
		05A7EDD19B6B837B1F5E3009 /* Pods-HBMVVMProject.release.xcconfig */ = {isa = PBXFileReference; includeInIndex = 1; lastKnownFileType = text.xcconfig; name = "Pods-HBMVVMProject.release.xcconfig"; path = "Pods/Target Support Files/Pods-HBMVVMProject/Pods-HBMVVMProject.release.xcconfig"; sourceTree = "<group>"; };
		06F2D12133CD62E878CC69C3 /* Pods-HBMVVMProject.debug.xcconfig */ = {isa = PBXFileReference; includeInIndex = 1; lastKnownFileType = text.xcconfig; name = "Pods-HBMVVMProject.debug.xcconfig"; path = "Pods/Target Support Files/Pods-HBMVVMProject/Pods-HBMVVMProject.debug.xcconfig"; sourceTree = "<group>"; };
		3A098B7822C61BE10007F5EB /* HBMVVMProject.app */ = {isa = PBXFileReference; explicitFileType = wrapper.application; includeInIndex = 0; path = HBMVVMProject.app; sourceTree = BUILT_PRODUCTS_DIR; };
		3A098B7B22C61BE10007F5EB /* AppDelegate.h */ = {isa = PBXFileReference; lastKnownFileType = sourcecode.c.h; path = AppDelegate.h; sourceTree = "<group>"; };
		3A098B7C22C61BE10007F5EB /* AppDelegate.m */ = {isa = PBXFileReference; lastKnownFileType = sourcecode.c.objc; path = AppDelegate.m; sourceTree = "<group>"; };
		3A098B7E22C61BE10007F5EB /* ViewController.h */ = {isa = PBXFileReference; lastKnownFileType = sourcecode.c.h; path = ViewController.h; sourceTree = "<group>"; };
		3A098B7F22C61BE10007F5EB /* ViewController.m */ = {isa = PBXFileReference; lastKnownFileType = sourcecode.c.objc; path = ViewController.m; sourceTree = "<group>"; };
		3A098B8222C61BE10007F5EB /* Base */ = {isa = PBXFileReference; lastKnownFileType = file.storyboard; name = Base; path = Base.lproj/Main.storyboard; sourceTree = "<group>"; };
		3A098B8422C61BE20007F5EB /* Assets.xcassets */ = {isa = PBXFileReference; lastKnownFileType = folder.assetcatalog; path = Assets.xcassets; sourceTree = "<group>"; };
		3A098B8722C61BE20007F5EB /* Base */ = {isa = PBXFileReference; lastKnownFileType = file.storyboard; name = Base; path = Base.lproj/LaunchScreen.storyboard; sourceTree = "<group>"; };
		3A098B8922C61BE20007F5EB /* Info.plist */ = {isa = PBXFileReference; lastKnownFileType = text.plist.xml; path = Info.plist; sourceTree = "<group>"; };
		3A098B8A22C61BE20007F5EB /* main.m */ = {isa = PBXFileReference; lastKnownFileType = sourcecode.c.objc; path = main.m; sourceTree = "<group>"; };
		3A098B9022C61BE20007F5EB /* HBMVVMProjectTests.xctest */ = {isa = PBXFileReference; explicitFileType = wrapper.cfbundle; includeInIndex = 0; path = HBMVVMProjectTests.xctest; sourceTree = BUILT_PRODUCTS_DIR; };
		3A098B9422C61BE20007F5EB /* HBMVVMProjectTests.m */ = {isa = PBXFileReference; lastKnownFileType = sourcecode.c.objc; path = HBMVVMProjectTests.m; sourceTree = "<group>"; };
		3A098B9622C61BE20007F5EB /* Info.plist */ = {isa = PBXFileReference; lastKnownFileType = text.plist.xml; path = Info.plist; sourceTree = "<group>"; };
		3A098B9B22C61BE20007F5EB /* HBMVVMProjectUITests.xctest */ = {isa = PBXFileReference; explicitFileType = wrapper.cfbundle; includeInIndex = 0; path = HBMVVMProjectUITests.xctest; sourceTree = BUILT_PRODUCTS_DIR; };
		3A098B9F22C61BE20007F5EB /* HBMVVMProjectUITests.m */ = {isa = PBXFileReference; lastKnownFileType = sourcecode.c.objc; path = HBMVVMProjectUITests.m; sourceTree = "<group>"; };
		3A098BA122C61BE20007F5EB /* Info.plist */ = {isa = PBXFileReference; lastKnownFileType = text.plist.xml; path = Info.plist; sourceTree = "<group>"; };
		3A098BAE22CB5EAA0007F5EB /* HBTabBarViewController.h */ = {isa = PBXFileReference; lastKnownFileType = sourcecode.c.h; path = HBTabBarViewController.h; sourceTree = "<group>"; };
		3A098BAF22CB5EAA0007F5EB /* HBTabBarViewController.m */ = {isa = PBXFileReference; lastKnownFileType = sourcecode.c.objc; path = HBTabBarViewController.m; sourceTree = "<group>"; };
		3A8A378D22D350A300F12124 /* HBRouterUtils.h */ = {isa = PBXFileReference; lastKnownFileType = sourcecode.c.h; path = HBRouterUtils.h; sourceTree = "<group>"; };
		3A8A378E22D350A400F12124 /* HBRouterUtils.m */ = {isa = PBXFileReference; lastKnownFileType = sourcecode.c.objc; path = HBRouterUtils.m; sourceTree = "<group>"; };
		3A8A379022D4813300F12124 /* HBTabBarModule.h */ = {isa = PBXFileReference; lastKnownFileType = sourcecode.c.h; path = HBTabBarModule.h; sourceTree = "<group>"; };
		3A8A379122D4813300F12124 /* HBTabBarModule.m */ = {isa = PBXFileReference; lastKnownFileType = sourcecode.c.objc; path = HBTabBarModule.m; sourceTree = "<group>"; };
		3A8A379622D4A49F00F12124 /* HBNavModule.h */ = {isa = PBXFileReference; lastKnownFileType = sourcecode.c.h; path = HBNavModule.h; sourceTree = "<group>"; };
		3A8A379722D4A49F00F12124 /* HBNavModule.m */ = {isa = PBXFileReference; lastKnownFileType = sourcecode.c.objc; path = HBNavModule.m; sourceTree = "<group>"; };
		3A8A379D22D4B73300F12124 /* HBConstant.h */ = {isa = PBXFileReference; lastKnownFileType = sourcecode.c.h; path = HBConstant.h; sourceTree = "<group>"; };
		3A8A379E22D4B73300F12124 /* HBConstant.m */ = {isa = PBXFileReference; lastKnownFileType = sourcecode.c.objc; path = HBConstant.m; sourceTree = "<group>"; };
		3A8A37A022D4B7B300F12124 /* HomeViewController.h */ = {isa = PBXFileReference; lastKnownFileType = sourcecode.c.h; path = HomeViewController.h; sourceTree = "<group>"; };
		3A8A37A122D4B7B300F12124 /* HomeViewController.m */ = {isa = PBXFileReference; lastKnownFileType = sourcecode.c.objc; path = HomeViewController.m; sourceTree = "<group>"; };
		3A8A37A322D4B7C200F12124 /* DisplayViewController.h */ = {isa = PBXFileReference; lastKnownFileType = sourcecode.c.h; path = DisplayViewController.h; sourceTree = "<group>"; };
		3A8A37A422D4B7C200F12124 /* DisplayViewController.m */ = {isa = PBXFileReference; lastKnownFileType = sourcecode.c.objc; path = DisplayViewController.m; sourceTree = "<group>"; };
		3A8A37A622D4B7D100F12124 /* DiscoveryViewController.h */ = {isa = PBXFileReference; lastKnownFileType = sourcecode.c.h; path = DiscoveryViewController.h; sourceTree = "<group>"; };
		3A8A37A722D4B7D100F12124 /* DiscoveryViewController.m */ = {isa = PBXFileReference; lastKnownFileType = sourcecode.c.objc; path = DiscoveryViewController.m; sourceTree = "<group>"; };
		3A8A37A922D4B7DD00F12124 /* MineViewController.h */ = {isa = PBXFileReference; lastKnownFileType = sourcecode.c.h; path = MineViewController.h; sourceTree = "<group>"; };
		3A8A37AA22D4B7DD00F12124 /* MineViewController.m */ = {isa = PBXFileReference; lastKnownFileType = sourcecode.c.objc; path = MineViewController.m; sourceTree = "<group>"; };
		3A8A37AC22D4BCB500F12124 /* HomeModule.h */ = {isa = PBXFileReference; lastKnownFileType = sourcecode.c.h; path = HomeModule.h; sourceTree = "<group>"; };
		3A8A37AD22D4BCB500F12124 /* HomeModule.m */ = {isa = PBXFileReference; lastKnownFileType = sourcecode.c.objc; path = HomeModule.m; sourceTree = "<group>"; };
		3A8A37AF22D4BCC500F12124 /* DisplayModule.h */ = {isa = PBXFileReference; lastKnownFileType = sourcecode.c.h; path = DisplayModule.h; sourceTree = "<group>"; };
		3A8A37B022D4BCC500F12124 /* DisplayModule.m */ = {isa = PBXFileReference; lastKnownFileType = sourcecode.c.objc; path = DisplayModule.m; sourceTree = "<group>"; };
		3A8A37B222D4BCD400F12124 /* DiscoveryModule.h */ = {isa = PBXFileReference; lastKnownFileType = sourcecode.c.h; path = DiscoveryModule.h; sourceTree = "<group>"; };
		3A8A37B322D4BCD400F12124 /* DiscoveryModule.m */ = {isa = PBXFileReference; lastKnownFileType = sourcecode.c.objc; path = DiscoveryModule.m; sourceTree = "<group>"; };
		3A8A37B522D4BCE000F12124 /* MineModule.h */ = {isa = PBXFileReference; lastKnownFileType = sourcecode.c.h; path = MineModule.h; sourceTree = "<group>"; };
		3A8A37B622D4BCE000F12124 /* MineModule.m */ = {isa = PBXFileReference; lastKnownFileType = sourcecode.c.objc; path = MineModule.m; sourceTree = "<group>"; };
		3A8A37B822D4C07100F12124 /* HBBaseViewController.h */ = {isa = PBXFileReference; lastKnownFileType = sourcecode.c.h; path = HBBaseViewController.h; sourceTree = "<group>"; };
		3A8A37B922D4C07100F12124 /* HBBaseViewController.m */ = {isa = PBXFileReference; lastKnownFileType = sourcecode.c.objc; path = HBBaseViewController.m; sourceTree = "<group>"; };
		3ADE7C8922CF480500B1E932 /* HBNavigationController.h */ = {isa = PBXFileReference; lastKnownFileType = sourcecode.c.h; path = HBNavigationController.h; sourceTree = "<group>"; };
		3ADE7C8A22CF480500B1E932 /* HBNavigationController.m */ = {isa = PBXFileReference; lastKnownFileType = sourcecode.c.objc; path = HBNavigationController.m; sourceTree = "<group>"; };
		3ADE7C8D22CF4BC200B1E932 /* HBRouter.h */ = {isa = PBXFileReference; lastKnownFileType = sourcecode.c.h; path = HBRouter.h; sourceTree = "<group>"; };
		3ADE7C8E22CF4BC200B1E932 /* HBRouter.m */ = {isa = PBXFileReference; lastKnownFileType = sourcecode.c.objc; path = HBRouter.m; sourceTree = "<group>"; };
		E03B9A647A087C9DF24C4BFB /* libPods-HBMVVMProject.a */ = {isa = PBXFileReference; explicitFileType = archive.ar; includeInIndex = 0; path = "libPods-HBMVVMProject.a"; sourceTree = BUILT_PRODUCTS_DIR; };
/* End PBXFileReference section */

/* Begin PBXFrameworksBuildPhase section */
		3A098B7522C61BE10007F5EB /* Frameworks */ = {
			isa = PBXFrameworksBuildPhase;
			buildActionMask = 2147483647;
			files = (
				B447ACDD7F67F8288060148D /* libPods-HBMVVMProject.a in Frameworks */,
			);
			runOnlyForDeploymentPostprocessing = 0;
		};
		3A098B8D22C61BE20007F5EB /* Frameworks */ = {
			isa = PBXFrameworksBuildPhase;
			buildActionMask = 2147483647;
			files = (
			);
			runOnlyForDeploymentPostprocessing = 0;
		};
		3A098B9822C61BE20007F5EB /* Frameworks */ = {
			isa = PBXFrameworksBuildPhase;
			buildActionMask = 2147483647;
			files = (
			);
			runOnlyForDeploymentPostprocessing = 0;
		};
/* End PBXFrameworksBuildPhase section */

/* Begin PBXGroup section */
		3A098B6F22C61BE10007F5EB = {
			isa = PBXGroup;
			children = (
				3A098B7A22C61BE10007F5EB /* HBMVVMProject */,
				3A098B9322C61BE20007F5EB /* HBMVVMProjectTests */,
				3A098B9E22C61BE20007F5EB /* HBMVVMProjectUITests */,
				3A098B7922C61BE10007F5EB /* Products */,
				A009D6B617B3D07B05DA9707 /* Pods */,
				C5B9D17B32875809BCD56D70 /* Frameworks */,
			);
			sourceTree = "<group>";
		};
		3A098B7922C61BE10007F5EB /* Products */ = {
			isa = PBXGroup;
			children = (
				3A098B7822C61BE10007F5EB /* HBMVVMProject.app */,
				3A098B9022C61BE20007F5EB /* HBMVVMProjectTests.xctest */,
				3A098B9B22C61BE20007F5EB /* HBMVVMProjectUITests.xctest */,
			);
			name = Products;
			sourceTree = "<group>";
		};
		3A098B7A22C61BE10007F5EB /* HBMVVMProject */ = {
			isa = PBXGroup;
			children = (
				3A8A379C22D4AAB600F12124 /* Mine */,
				3A8A379B22D4AAB100F12124 /* Discovery */,
				3A8A379A22D4AAA900F12124 /* Display */,
				3A8A379922D4A7F800F12124 /* Home */,
				3ADE7C8C22CF4B7500B1E932 /* HBRouter */,
				3A098BAD22CB5A870007F5EB /* mainFrame */,
				3A098B7B22C61BE10007F5EB /* AppDelegate.h */,
				3A098B7C22C61BE10007F5EB /* AppDelegate.m */,
				3A098B7E22C61BE10007F5EB /* ViewController.h */,
				3A098B7F22C61BE10007F5EB /* ViewController.m */,
				3A098B8122C61BE10007F5EB /* Main.storyboard */,
				3A098B8422C61BE20007F5EB /* Assets.xcassets */,
				3A098B8622C61BE20007F5EB /* LaunchScreen.storyboard */,
				3A098B8922C61BE20007F5EB /* Info.plist */,
				3A098B8A22C61BE20007F5EB /* main.m */,
				3A8A379D22D4B73300F12124 /* HBConstant.h */,
				3A8A379E22D4B73300F12124 /* HBConstant.m */,
				3A8A37B822D4C07100F12124 /* HBBaseViewController.h */,
				3A8A37B922D4C07100F12124 /* HBBaseViewController.m */,
			);
			path = HBMVVMProject;
			sourceTree = "<group>";
		};
		3A098B9322C61BE20007F5EB /* HBMVVMProjectTests */ = {
			isa = PBXGroup;
			children = (
				3A098B9422C61BE20007F5EB /* HBMVVMProjectTests.m */,
				3A098B9622C61BE20007F5EB /* Info.plist */,
			);
			path = HBMVVMProjectTests;
			sourceTree = "<group>";
		};
		3A098B9E22C61BE20007F5EB /* HBMVVMProjectUITests */ = {
			isa = PBXGroup;
			children = (
				3A098B9F22C61BE20007F5EB /* HBMVVMProjectUITests.m */,
				3A098BA122C61BE20007F5EB /* Info.plist */,
			);
			path = HBMVVMProjectUITests;
			sourceTree = "<group>";
		};
		3A098BAD22CB5A870007F5EB /* mainFrame */ = {
			isa = PBXGroup;
			children = (
				3A098BAE22CB5EAA0007F5EB /* HBTabBarViewController.h */,
				3A098BAF22CB5EAA0007F5EB /* HBTabBarViewController.m */,
				3ADE7C8922CF480500B1E932 /* HBNavigationController.h */,
				3ADE7C8A22CF480500B1E932 /* HBNavigationController.m */,
				3A8A379022D4813300F12124 /* HBTabBarModule.h */,
				3A8A379122D4813300F12124 /* HBTabBarModule.m */,
				3A8A379622D4A49F00F12124 /* HBNavModule.h */,
				3A8A379722D4A49F00F12124 /* HBNavModule.m */,
			);
			path = mainFrame;
			sourceTree = "<group>";
		};
		3A8A379922D4A7F800F12124 /* Home */ = {
			isa = PBXGroup;
			children = (
				3A8A37A022D4B7B300F12124 /* HomeViewController.h */,
				3A8A37A122D4B7B300F12124 /* HomeViewController.m */,
				3A8A37AC22D4BCB500F12124 /* HomeModule.h */,
				3A8A37AD22D4BCB500F12124 /* HomeModule.m */,
			);
			path = Home;
			sourceTree = "<group>";
		};
		3A8A379A22D4AAA900F12124 /* Display */ = {
			isa = PBXGroup;
			children = (
				3A8A37A322D4B7C200F12124 /* DisplayViewController.h */,
				3A8A37A422D4B7C200F12124 /* DisplayViewController.m */,
				3A8A37AF22D4BCC500F12124 /* DisplayModule.h */,
				3A8A37B022D4BCC500F12124 /* DisplayModule.m */,
			);
			path = Display;
			sourceTree = "<group>";
		};
		3A8A379B22D4AAB100F12124 /* Discovery */ = {
			isa = PBXGroup;
			children = (
				3A8A37A622D4B7D100F12124 /* DiscoveryViewController.h */,
				3A8A37A722D4B7D100F12124 /* DiscoveryViewController.m */,
				3A8A37B222D4BCD400F12124 /* DiscoveryModule.h */,
				3A8A37B322D4BCD400F12124 /* DiscoveryModule.m */,
			);
			path = Discovery;
			sourceTree = "<group>";
		};
		3A8A379C22D4AAB600F12124 /* Mine */ = {
			isa = PBXGroup;
			children = (
				3A8A37A922D4B7DD00F12124 /* MineViewController.h */,
				3A8A37AA22D4B7DD00F12124 /* MineViewController.m */,
				3A8A37B522D4BCE000F12124 /* MineModule.h */,
				3A8A37B622D4BCE000F12124 /* MineModule.m */,
			);
			path = Mine;
			sourceTree = "<group>";
		};
		3ADE7C8C22CF4B7500B1E932 /* HBRouter */ = {
			isa = PBXGroup;
			children = (
				3ADE7C8D22CF4BC200B1E932 /* HBRouter.h */,
				3ADE7C8E22CF4BC200B1E932 /* HBRouter.m */,
				3A8A378D22D350A300F12124 /* HBRouterUtils.h */,
				3A8A378E22D350A400F12124 /* HBRouterUtils.m */,
			);
			path = HBRouter;
			sourceTree = "<group>";
		};
		A009D6B617B3D07B05DA9707 /* Pods */ = {
			isa = PBXGroup;
			children = (
				06F2D12133CD62E878CC69C3 /* Pods-HBMVVMProject.debug.xcconfig */,
				05A7EDD19B6B837B1F5E3009 /* Pods-HBMVVMProject.release.xcconfig */,
			);
			name = Pods;
			sourceTree = "<group>";
		};
		C5B9D17B32875809BCD56D70 /* Frameworks */ = {
			isa = PBXGroup;
			children = (
				E03B9A647A087C9DF24C4BFB /* libPods-HBMVVMProject.a */,
			);
			name = Frameworks;
			sourceTree = "<group>";
		};
/* End PBXGroup section */

/* Begin PBXNativeTarget section */
		3A098B7722C61BE10007F5EB /* HBMVVMProject */ = {
			isa = PBXNativeTarget;
			buildConfigurationList = 3A098BA422C61BE20007F5EB /* Build configuration list for PBXNativeTarget "HBMVVMProject" */;
			buildPhases = (
				E13E26E4E357B27D12CD2B22 /* [CP] Check Pods Manifest.lock */,
				3A098B7422C61BE10007F5EB /* Sources */,
				3A098B7522C61BE10007F5EB /* Frameworks */,
				3A098B7622C61BE10007F5EB /* Resources */,
			);
			buildRules = (
			);
			dependencies = (
			);
			name = HBMVVMProject;
			productName = HBMVVMProject;
			productReference = 3A098B7822C61BE10007F5EB /* HBMVVMProject.app */;
			productType = "com.apple.product-type.application";
		};
		3A098B8F22C61BE20007F5EB /* HBMVVMProjectTests */ = {
			isa = PBXNativeTarget;
			buildConfigurationList = 3A098BA722C61BE20007F5EB /* Build configuration list for PBXNativeTarget "HBMVVMProjectTests" */;
			buildPhases = (
				3A098B8C22C61BE20007F5EB /* Sources */,
				3A098B8D22C61BE20007F5EB /* Frameworks */,
				3A098B8E22C61BE20007F5EB /* Resources */,
			);
			buildRules = (
			);
			dependencies = (
				3A098B9222C61BE20007F5EB /* PBXTargetDependency */,
			);
			name = HBMVVMProjectTests;
			productName = HBMVVMProjectTests;
			productReference = 3A098B9022C61BE20007F5EB /* HBMVVMProjectTests.xctest */;
			productType = "com.apple.product-type.bundle.unit-test";
		};
		3A098B9A22C61BE20007F5EB /* HBMVVMProjectUITests */ = {
			isa = PBXNativeTarget;
			buildConfigurationList = 3A098BAA22C61BE20007F5EB /* Build configuration list for PBXNativeTarget "HBMVVMProjectUITests" */;
			buildPhases = (
				3A098B9722C61BE20007F5EB /* Sources */,
				3A098B9822C61BE20007F5EB /* Frameworks */,
				3A098B9922C61BE20007F5EB /* Resources */,
			);
			buildRules = (
			);
			dependencies = (
				3A098B9D22C61BE20007F5EB /* PBXTargetDependency */,
			);
			name = HBMVVMProjectUITests;
			productName = HBMVVMProjectUITests;
			productReference = 3A098B9B22C61BE20007F5EB /* HBMVVMProjectUITests.xctest */;
			productType = "com.apple.product-type.bundle.ui-testing";
		};
/* End PBXNativeTarget section */

/* Begin PBXProject section */
		3A098B7022C61BE10007F5EB /* Project object */ = {
			isa = PBXProject;
			attributes = {
				LastUpgradeCheck = 1010;
				ORGANIZATIONNAME = hongbao.cui;
				TargetAttributes = {
					3A098B7722C61BE10007F5EB = {
						CreatedOnToolsVersion = 10.1;
					};
					3A098B8F22C61BE20007F5EB = {
						CreatedOnToolsVersion = 10.1;
						TestTargetID = 3A098B7722C61BE10007F5EB;
					};
					3A098B9A22C61BE20007F5EB = {
						CreatedOnToolsVersion = 10.1;
						TestTargetID = 3A098B7722C61BE10007F5EB;
					};
				};
			};
			buildConfigurationList = 3A098B7322C61BE10007F5EB /* Build configuration list for PBXProject "HBMVVMProject" */;
			compatibilityVersion = "Xcode 9.3";
			developmentRegion = en;
			hasScannedForEncodings = 0;
			knownRegions = (
				en,
				Base,
			);
			mainGroup = 3A098B6F22C61BE10007F5EB;
			productRefGroup = 3A098B7922C61BE10007F5EB /* Products */;
			projectDirPath = "";
			projectRoot = "";
			targets = (
				3A098B7722C61BE10007F5EB /* HBMVVMProject */,
				3A098B8F22C61BE20007F5EB /* HBMVVMProjectTests */,
				3A098B9A22C61BE20007F5EB /* HBMVVMProjectUITests */,
			);
		};
/* End PBXProject section */

/* Begin PBXResourcesBuildPhase section */
		3A098B7622C61BE10007F5EB /* Resources */ = {
			isa = PBXResourcesBuildPhase;
			buildActionMask = 2147483647;
			files = (
				3A098B8822C61BE20007F5EB /* LaunchScreen.storyboard in Resources */,
				3A098B8522C61BE20007F5EB /* Assets.xcassets in Resources */,
				3A098B8322C61BE10007F5EB /* Main.storyboard in Resources */,
			);
			runOnlyForDeploymentPostprocessing = 0;
		};
		3A098B8E22C61BE20007F5EB /* Resources */ = {
			isa = PBXResourcesBuildPhase;
			buildActionMask = 2147483647;
			files = (
			);
			runOnlyForDeploymentPostprocessing = 0;
		};
		3A098B9922C61BE20007F5EB /* Resources */ = {
			isa = PBXResourcesBuildPhase;
			buildActionMask = 2147483647;
			files = (
			);
			runOnlyForDeploymentPostprocessing = 0;
		};
/* End PBXResourcesBuildPhase section */

/* Begin PBXShellScriptBuildPhase section */
		E13E26E4E357B27D12CD2B22 /* [CP] Check Pods Manifest.lock */ = {
			isa = PBXShellScriptBuildPhase;
			buildActionMask = 2147483647;
			files = (
			);
			inputFileListPaths = (
			);
			inputPaths = (
				"${PODS_PODFILE_DIR_PATH}/Podfile.lock",
				"${PODS_ROOT}/Manifest.lock",
			);
			name = "[CP] Check Pods Manifest.lock";
			outputFileListPaths = (
			);
			outputPaths = (
				"$(DERIVED_FILE_DIR)/Pods-HBMVVMProject-checkManifestLockResult.txt",
			);
			runOnlyForDeploymentPostprocessing = 0;
			shellPath = /bin/sh;
			shellScript = "diff \"${PODS_PODFILE_DIR_PATH}/Podfile.lock\" \"${PODS_ROOT}/Manifest.lock\" > /dev/null\nif [ $? != 0 ] ; then\n    # print error to STDERR\n    echo \"error: The sandbox is not in sync with the Podfile.lock. Run 'pod install' or update your CocoaPods installation.\" >&2\n    exit 1\nfi\n# This output is used by Xcode 'outputs' to avoid re-running this script phase.\necho \"SUCCESS\" > \"${SCRIPT_OUTPUT_FILE_0}\"\n";
			showEnvVarsInLog = 0;
		};
/* End PBXShellScriptBuildPhase section */

/* Begin PBXSourcesBuildPhase section */
		3A098B7422C61BE10007F5EB /* Sources */ = {
			isa = PBXSourcesBuildPhase;
			buildActionMask = 2147483647;
			files = (
				3A8A379822D4A4A000F12124 /* HBNavModule.m in Sources */,
				3A8A37B422D4BCD400F12124 /* DiscoveryModule.m in Sources */,
				3A8A37AB22D4B7DD00F12124 /* MineViewController.m in Sources */,
				3ADE7C8B22CF480500B1E932 /* HBNavigationController.m in Sources */,
				3A8A37B722D4BCE000F12124 /* MineModule.m in Sources */,
				3A098BB022CB5EAA0007F5EB /* HBTabBarViewController.m in Sources */,
				3A8A379F22D4B73300F12124 /* HBConstant.m in Sources */,
				3A098B8022C61BE10007F5EB /* ViewController.m in Sources */,
				3A8A37B122D4BCC500F12124 /* DisplayModule.m in Sources */,
				3A8A378F22D350A400F12124 /* HBRouterUtils.m in Sources */,
				3A8A37A222D4B7B300F12124 /* HomeViewController.m in Sources */,
				3A8A37A522D4B7C200F12124 /* DisplayViewController.m in Sources */,
				3A098B8B22C61BE20007F5EB /* main.m in Sources */,
				3A8A37A822D4B7D100F12124 /* DiscoveryViewController.m in Sources */,
				3ADE7C8F22CF4BC200B1E932 /* HBRouter.m in Sources */,
				3A8A37AE22D4BCB500F12124 /* HomeModule.m in Sources */,
				3A8A37BA22D4C07100F12124 /* HBBaseViewController.m in Sources */,
				3A098B7D22C61BE10007F5EB /* AppDelegate.m in Sources */,
				3A8A379222D4813300F12124 /* HBTabBarModule.m in Sources */,
			);
			runOnlyForDeploymentPostprocessing = 0;
		};
		3A098B8C22C61BE20007F5EB /* Sources */ = {
			isa = PBXSourcesBuildPhase;
			buildActionMask = 2147483647;
			files = (
				3A098B9522C61BE20007F5EB /* HBMVVMProjectTests.m in Sources */,
			);
			runOnlyForDeploymentPostprocessing = 0;
		};
		3A098B9722C61BE20007F5EB /* Sources */ = {
			isa = PBXSourcesBuildPhase;
			buildActionMask = 2147483647;
			files = (
				3A098BA022C61BE20007F5EB /* HBMVVMProjectUITests.m in Sources */,
			);
			runOnlyForDeploymentPostprocessing = 0;
		};
/* End PBXSourcesBuildPhase section */

/* Begin PBXTargetDependency section */
		3A098B9222C61BE20007F5EB /* PBXTargetDependency */ = {
			isa = PBXTargetDependency;
			target = 3A098B7722C61BE10007F5EB /* HBMVVMProject */;
			targetProxy = 3A098B9122C61BE20007F5EB /* PBXContainerItemProxy */;
		};
		3A098B9D22C61BE20007F5EB /* PBXTargetDependency */ = {
			isa = PBXTargetDependency;
			target = 3A098B7722C61BE10007F5EB /* HBMVVMProject */;
			targetProxy = 3A098B9C22C61BE20007F5EB /* PBXContainerItemProxy */;
		};
/* End PBXTargetDependency section */

/* Begin PBXVariantGroup section */
		3A098B8122C61BE10007F5EB /* Main.storyboard */ = {
			isa = PBXVariantGroup;
			children = (
				3A098B8222C61BE10007F5EB /* Base */,
			);
			name = Main.storyboard;
			sourceTree = "<group>";
		};
		3A098B8622C61BE20007F5EB /* LaunchScreen.storyboard */ = {
			isa = PBXVariantGroup;
			children = (
				3A098B8722C61BE20007F5EB /* Base */,
			);
			name = LaunchScreen.storyboard;
			sourceTree = "<group>";
		};
/* End PBXVariantGroup section */

/* Begin XCBuildConfiguration section */
		3A098BA222C61BE20007F5EB /* Debug */ = {
			isa = XCBuildConfiguration;
			buildSettings = {
				ALWAYS_SEARCH_USER_PATHS = NO;
				CLANG_ANALYZER_NONNULL = YES;
				CLANG_ANALYZER_NUMBER_OBJECT_CONVERSION = YES_AGGRESSIVE;
				CLANG_CXX_LANGUAGE_STANDARD = "gnu++14";
				CLANG_CXX_LIBRARY = "libc++";
				CLANG_ENABLE_MODULES = YES;
				CLANG_ENABLE_OBJC_ARC = YES;
				CLANG_ENABLE_OBJC_WEAK = YES;
				CLANG_WARN_BLOCK_CAPTURE_AUTORELEASING = YES;
				CLANG_WARN_BOOL_CONVERSION = YES;
				CLANG_WARN_COMMA = YES;
				CLANG_WARN_CONSTANT_CONVERSION = YES;
				CLANG_WARN_DEPRECATED_OBJC_IMPLEMENTATIONS = YES;
				CLANG_WARN_DIRECT_OBJC_ISA_USAGE = YES_ERROR;
				CLANG_WARN_DOCUMENTATION_COMMENTS = YES;
				CLANG_WARN_EMPTY_BODY = YES;
				CLANG_WARN_ENUM_CONVERSION = YES;
				CLANG_WARN_INFINITE_RECURSION = YES;
				CLANG_WARN_INT_CONVERSION = YES;
				CLANG_WARN_NON_LITERAL_NULL_CONVERSION = YES;
				CLANG_WARN_OBJC_IMPLICIT_RETAIN_SELF = YES;
				CLANG_WARN_OBJC_LITERAL_CONVERSION = YES;
				CLANG_WARN_OBJC_ROOT_CLASS = YES_ERROR;
				CLANG_WARN_RANGE_LOOP_ANALYSIS = YES;
				CLANG_WARN_STRICT_PROTOTYPES = YES;
				CLANG_WARN_SUSPICIOUS_MOVE = YES;
				CLANG_WARN_UNGUARDED_AVAILABILITY = YES_AGGRESSIVE;
				CLANG_WARN_UNREACHABLE_CODE = YES;
				CLANG_WARN__DUPLICATE_METHOD_MATCH = YES;
				CODE_SIGN_IDENTITY = "iPhone Developer";
				COPY_PHASE_STRIP = NO;
				DEBUG_INFORMATION_FORMAT = dwarf;
				ENABLE_STRICT_OBJC_MSGSEND = YES;
				ENABLE_TESTABILITY = YES;
				GCC_C_LANGUAGE_STANDARD = gnu11;
				GCC_DYNAMIC_NO_PIC = NO;
				GCC_NO_COMMON_BLOCKS = YES;
				GCC_OPTIMIZATION_LEVEL = 0;
				GCC_PREPROCESSOR_DEFINITIONS = (
					"DEBUG=1",
					"$(inherited)",
				);
				GCC_WARN_64_TO_32_BIT_CONVERSION = YES;
				GCC_WARN_ABOUT_RETURN_TYPE = YES_ERROR;
				GCC_WARN_UNDECLARED_SELECTOR = YES;
				GCC_WARN_UNINITIALIZED_AUTOS = YES_AGGRESSIVE;
				GCC_WARN_UNUSED_FUNCTION = YES;
				GCC_WARN_UNUSED_VARIABLE = YES;
				IPHONEOS_DEPLOYMENT_TARGET = 12.1;
				MTL_ENABLE_DEBUG_INFO = INCLUDE_SOURCE;
				MTL_FAST_MATH = YES;
				ONLY_ACTIVE_ARCH = YES;
				SDKROOT = iphoneos;
			};
			name = Debug;
		};
		3A098BA322C61BE20007F5EB /* Release */ = {
			isa = XCBuildConfiguration;
			buildSettings = {
				ALWAYS_SEARCH_USER_PATHS = NO;
				CLANG_ANALYZER_NONNULL = YES;
				CLANG_ANALYZER_NUMBER_OBJECT_CONVERSION = YES_AGGRESSIVE;
				CLANG_CXX_LANGUAGE_STANDARD = "gnu++14";
				CLANG_CXX_LIBRARY = "libc++";
				CLANG_ENABLE_MODULES = YES;
				CLANG_ENABLE_OBJC_ARC = YES;
				CLANG_ENABLE_OBJC_WEAK = YES;
				CLANG_WARN_BLOCK_CAPTURE_AUTORELEASING = YES;
				CLANG_WARN_BOOL_CONVERSION = YES;
				CLANG_WARN_COMMA = YES;
				CLANG_WARN_CONSTANT_CONVERSION = YES;
				CLANG_WARN_DEPRECATED_OBJC_IMPLEMENTATIONS = YES;
				CLANG_WARN_DIRECT_OBJC_ISA_USAGE = YES_ERROR;
				CLANG_WARN_DOCUMENTATION_COMMENTS = YES;
				CLANG_WARN_EMPTY_BODY = YES;
				CLANG_WARN_ENUM_CONVERSION = YES;
				CLANG_WARN_INFINITE_RECURSION = YES;
				CLANG_WARN_INT_CONVERSION = YES;
				CLANG_WARN_NON_LITERAL_NULL_CONVERSION = YES;
				CLANG_WARN_OBJC_IMPLICIT_RETAIN_SELF = YES;
				CLANG_WARN_OBJC_LITERAL_CONVERSION = YES;
				CLANG_WARN_OBJC_ROOT_CLASS = YES_ERROR;
				CLANG_WARN_RANGE_LOOP_ANALYSIS = YES;
				CLANG_WARN_STRICT_PROTOTYPES = YES;
				CLANG_WARN_SUSPICIOUS_MOVE = YES;
				CLANG_WARN_UNGUARDED_AVAILABILITY = YES_AGGRESSIVE;
				CLANG_WARN_UNREACHABLE_CODE = YES;
				CLANG_WARN__DUPLICATE_METHOD_MATCH = YES;
				CODE_SIGN_IDENTITY = "iPhone Developer";
				COPY_PHASE_STRIP = NO;
				DEBUG_INFORMATION_FORMAT = "dwarf-with-dsym";
				ENABLE_NS_ASSERTIONS = NO;
				ENABLE_STRICT_OBJC_MSGSEND = YES;
				GCC_C_LANGUAGE_STANDARD = gnu11;
				GCC_NO_COMMON_BLOCKS = YES;
				GCC_WARN_64_TO_32_BIT_CONVERSION = YES;
				GCC_WARN_ABOUT_RETURN_TYPE = YES_ERROR;
				GCC_WARN_UNDECLARED_SELECTOR = YES;
				GCC_WARN_UNINITIALIZED_AUTOS = YES_AGGRESSIVE;
				GCC_WARN_UNUSED_FUNCTION = YES;
				GCC_WARN_UNUSED_VARIABLE = YES;
				IPHONEOS_DEPLOYMENT_TARGET = 12.1;
				MTL_ENABLE_DEBUG_INFO = NO;
				MTL_FAST_MATH = YES;
				SDKROOT = iphoneos;
				VALIDATE_PRODUCT = YES;
			};
			name = Release;
		};
		3A098BA522C61BE20007F5EB /* Debug */ = {
			isa = XCBuildConfiguration;
			baseConfigurationReference = 06F2D12133CD62E878CC69C3 /* Pods-HBMVVMProject.debug.xcconfig */;
			buildSettings = {
				ASSETCATALOG_COMPILER_APPICON_NAME = AppIcon;
				CODE_SIGN_IDENTITY = "iPhone Developer";
				CODE_SIGN_STYLE = Manual;
				DEVELOPMENT_TEAM = MWX7M7ABA2;
				INFOPLIST_FILE = HBMVVMProject/Info.plist;
				IPHONEOS_DEPLOYMENT_TARGET = 11.0;
				LD_RUNPATH_SEARCH_PATHS = (
					"$(inherited)",
					"@executable_path/Frameworks",
				);
				LLVM_LTO = NO;
				PRODUCT_BUNDLE_IDENTIFIER = com.sunny.karry.HBMVVMProject;
				PRODUCT_NAME = "$(TARGET_NAME)";
				PROVISIONING_PROFILE_SPECIFIER = ARVR_Dev;
				TARGETED_DEVICE_FAMILY = "1,2";
			};
			name = Debug;
		};
		3A098BA622C61BE20007F5EB /* Release */ = {
			isa = XCBuildConfiguration;
			baseConfigurationReference = 05A7EDD19B6B837B1F5E3009 /* Pods-HBMVVMProject.release.xcconfig */;
			buildSettings = {
				ASSETCATALOG_COMPILER_APPICON_NAME = AppIcon;
				CODE_SIGN_IDENTITY = "iPhone Developer";
				CODE_SIGN_STYLE = Manual;
				DEVELOPMENT_TEAM = MWX7M7ABA2;
				INFOPLIST_FILE = HBMVVMProject/Info.plist;
				IPHONEOS_DEPLOYMENT_TARGET = 11.0;
				LD_RUNPATH_SEARCH_PATHS = (
					"$(inherited)",
					"@executable_path/Frameworks",
				);
				LLVM_LTO = NO;
				PRODUCT_BUNDLE_IDENTIFIER = com.sunny.karry.HBMVVMProject;
				PRODUCT_NAME = "$(TARGET_NAME)";
				PROVISIONING_PROFILE_SPECIFIER = ARVR_Dev;
				TARGETED_DEVICE_FAMILY = "1,2";
			};
			name = Release;
		};
		3A098BA822C61BE20007F5EB /* Debug */ = {
			isa = XCBuildConfiguration;
			buildSettings = {
				BUNDLE_LOADER = "$(TEST_HOST)";
				CODE_SIGN_STYLE = Automatic;
				INFOPLIST_FILE = HBMVVMProjectTests/Info.plist;
				LD_RUNPATH_SEARCH_PATHS = (
					"$(inherited)",
					"@executable_path/Frameworks",
					"@loader_path/Frameworks",
				);
				PRODUCT_BUNDLE_IDENTIFIER = com.360buy.jd.HBMVVMProjectTests;
				PRODUCT_NAME = "$(TARGET_NAME)";
				TARGETED_DEVICE_FAMILY = "1,2";
				TEST_HOST = "$(BUILT_PRODUCTS_DIR)/HBMVVMProject.app/HBMVVMProject";
			};
			name = Debug;
		};
		3A098BA922C61BE20007F5EB /* Release */ = {
			isa = XCBuildConfiguration;
			buildSettings = {
				BUNDLE_LOADER = "$(TEST_HOST)";
				CODE_SIGN_STYLE = Automatic;
				INFOPLIST_FILE = HBMVVMProjectTests/Info.plist;
				LD_RUNPATH_SEARCH_PATHS = (
					"$(inherited)",
					"@executable_path/Frameworks",
					"@loader_path/Frameworks",
				);
				PRODUCT_BUNDLE_IDENTIFIER = com.360buy.jd.HBMVVMProjectTests;
				PRODUCT_NAME = "$(TARGET_NAME)";
				TARGETED_DEVICE_FAMILY = "1,2";
				TEST_HOST = "$(BUILT_PRODUCTS_DIR)/HBMVVMProject.app/HBMVVMProject";
			};
			name = Release;
		};
		3A098BAB22C61BE20007F5EB /* Debug */ = {
			isa = XCBuildConfiguration;
			buildSettings = {
				CODE_SIGN_STYLE = Automatic;
				INFOPLIST_FILE = HBMVVMProjectUITests/Info.plist;
				LD_RUNPATH_SEARCH_PATHS = (
					"$(inherited)",
					"@executable_path/Frameworks",
					"@loader_path/Frameworks",
				);
				PRODUCT_BUNDLE_IDENTIFIER = com.360buy.jd.HBMVVMProjectUITests;
				PRODUCT_NAME = "$(TARGET_NAME)";
				TARGETED_DEVICE_FAMILY = "1,2";
				TEST_TARGET_NAME = HBMVVMProject;
			};
			name = Debug;
		};
		3A098BAC22C61BE20007F5EB /* Release */ = {
			isa = XCBuildConfiguration;
			buildSettings = {
				CODE_SIGN_STYLE = Automatic;
				INFOPLIST_FILE = HBMVVMProjectUITests/Info.plist;
				LD_RUNPATH_SEARCH_PATHS = (
					"$(inherited)",
					"@executable_path/Frameworks",
					"@loader_path/Frameworks",
				);
				PRODUCT_BUNDLE_IDENTIFIER = com.360buy.jd.HBMVVMProjectUITests;
				PRODUCT_NAME = "$(TARGET_NAME)";
				TARGETED_DEVICE_FAMILY = "1,2";
				TEST_TARGET_NAME = HBMVVMProject;
			};
			name = Release;
		};
/* End XCBuildConfiguration section */

/* Begin XCConfigurationList section */
		3A098B7322C61BE10007F5EB /* Build configuration list for PBXProject "HBMVVMProject" */ = {
			isa = XCConfigurationList;
			buildConfigurations = (
				3A098BA222C61BE20007F5EB /* Debug */,
				3A098BA322C61BE20007F5EB /* Release */,
			);
			defaultConfigurationIsVisible = 0;
			defaultConfigurationName = Release;
		};
		3A098BA422C61BE20007F5EB /* Build configuration list for PBXNativeTarget "HBMVVMProject" */ = {
			isa = XCConfigurationList;
			buildConfigurations = (
				3A098BA522C61BE20007F5EB /* Debug */,
				3A098BA622C61BE20007F5EB /* Release */,
			);
			defaultConfigurationIsVisible = 0;
			defaultConfigurationName = Release;
		};
		3A098BA722C61BE20007F5EB /* Build configuration list for PBXNativeTarget "HBMVVMProjectTests" */ = {
			isa = XCConfigurationList;
			buildConfigurations = (
				3A098BA822C61BE20007F5EB /* Debug */,
				3A098BA922C61BE20007F5EB /* Release */,
			);
			defaultConfigurationIsVisible = 0;
			defaultConfigurationName = Release;
		};
		3A098BAA22C61BE20007F5EB /* Build configuration list for PBXNativeTarget "HBMVVMProjectUITests" */ = {
			isa = XCConfigurationList;
			buildConfigurations = (
				3A098BAB22C61BE20007F5EB /* Debug */,
				3A098BAC22C61BE20007F5EB /* Release */,
			);
			defaultConfigurationIsVisible = 0;
			defaultConfigurationName = Release;
		};
/* End XCConfigurationList section */
	};
	rootObject = 3A098B7022C61BE10007F5EB /* Project object */;
}
